// !$*UTF8*$!
{
	archiveVersion = 1;
	classes = {
	};
	objectVersion = 46;
	objects = {

/* Begin PBXBuildFile section */
		2DC407BA1E56F67100210E59 /* YQNetworking.m in Sources */ = {isa = PBXBuildFile; fileRef = 2DC407B91E56F67100210E59 /* YQNetworking.m */; };
		2DEA69AE1E5A9030005F7259 /* UIApplication+APNs_yq.m in Sources */ = {isa = PBXBuildFile; fileRef = 2DEA69AD1E5A9030005F7259 /* UIApplication+APNs_yq.m */; };
		2DF6E2951E5545D200C81A30 /* main.m in Sources */ = {isa = PBXBuildFile; fileRef = 2DF6E2941E5545D200C81A30 /* main.m */; };
		2DF6E2981E5545D200C81A30 /* AppDelegate.m in Sources */ = {isa = PBXBuildFile; fileRef = 2DF6E2971E5545D200C81A30 /* AppDelegate.m */; };
		2DF6E29B1E5545D200C81A30 /* ViewController.m in Sources */ = {isa = PBXBuildFile; fileRef = 2DF6E29A1E5545D200C81A30 /* ViewController.m */; };
		2DF6E29E1E5545D200C81A30 /* Main.storyboard in Resources */ = {isa = PBXBuildFile; fileRef = 2DF6E29C1E5545D200C81A30 /* Main.storyboard */; };
		2DF6E2A01E5545D200C81A30 /* Assets.xcassets in Resources */ = {isa = PBXBuildFile; fileRef = 2DF6E29F1E5545D200C81A30 /* Assets.xcassets */; };
		2DF6E2A31E5545D200C81A30 /* LaunchScreen.storyboard in Resources */ = {isa = PBXBuildFile; fileRef = 2DF6E2A11E5545D200C81A30 /* LaunchScreen.storyboard */; };
		2DF6E2AE1E5545D200C81A30 /* YQToolsDemoTests.m in Sources */ = {isa = PBXBuildFile; fileRef = 2DF6E2AD1E5545D200C81A30 /* YQToolsDemoTests.m */; };
		2DF6E2B91E5545D200C81A30 /* YQToolsDemoUITests.m in Sources */ = {isa = PBXBuildFile; fileRef = 2DF6E2B81E5545D200C81A30 /* YQToolsDemoUITests.m */; };
		2DF6E2F71E5545F600C81A30 /* YQLocalNotification.m in Sources */ = {isa = PBXBuildFile; fileRef = 2DF6E2E31E5545F600C81A30 /* YQLocalNotification.m */; };
		2DF6E58F1E559C2600C81A30 /* CALayer+Util_yq.m in Sources */ = {isa = PBXBuildFile; fileRef = 2DF6E5201E559C2600C81A30 /* CALayer+Util_yq.m */; };
		2DF6E5901E559C2600C81A30 /* UIBarButtonItem+Badge_yq.m in Sources */ = {isa = PBXBuildFile; fileRef = 2DF6E5221E559C2600C81A30 /* UIBarButtonItem+Badge_yq.m */; };
		2DF6E5911E559C2600C81A30 /* UIButton+BackgroundColor_yq.m in Sources */ = {isa = PBXBuildFile; fileRef = 2DF6E5241E559C2600C81A30 /* UIButton+BackgroundColor_yq.m */; };
		2DF6E5921E559C2600C81A30 /* UIButton+Badge_yq.m in Sources */ = {isa = PBXBuildFile; fileRef = 2DF6E5261E559C2600C81A30 /* UIButton+Badge_yq.m */; };
		2DF6E5931E559C2600C81A30 /* UIButton+Block_yq.m in Sources */ = {isa = PBXBuildFile; fileRef = 2DF6E5281E559C2600C81A30 /* UIButton+Block_yq.m */; };
		2DF6E5941E559C2600C81A30 /* UIButton+CountDown_yq.m in Sources */ = {isa = PBXBuildFile; fileRef = 2DF6E52A1E559C2600C81A30 /* UIButton+CountDown_yq.m */; };
		2DF6E5951E559C2600C81A30 /* UIButton+ImagePosition_yq.m in Sources */ = {isa = PBXBuildFile; fileRef = 2DF6E52C1E559C2600C81A30 /* UIButton+ImagePosition_yq.m */; };
		2DF6E5961E559C2600C81A30 /* UIButton+Indicator_yq.m in Sources */ = {isa = PBXBuildFile; fileRef = 2DF6E52E1E559C2600C81A30 /* UIButton+Indicator_yq.m */; };
		2DF6E5971E559C2600C81A30 /* UIButton+Submitting_yq.m in Sources */ = {isa = PBXBuildFile; fileRef = 2DF6E5301E559C2600C81A30 /* UIButton+Submitting_yq.m */; };
		2DF6E5981E559C2600C81A30 /* UIColor+Gradient_yq.m in Sources */ = {isa = PBXBuildFile; fileRef = 2DF6E5321E559C2600C81A30 /* UIColor+Gradient_yq.m */; };
		2DF6E5991E559C2600C81A30 /* UIColor+Hex_yq.m in Sources */ = {isa = PBXBuildFile; fileRef = 2DF6E5341E559C2600C81A30 /* UIColor+Hex_yq.m */; };
		2DF6E59A1E559C2600C81A30 /* UIColor+Modify_yq.m in Sources */ = {isa = PBXBuildFile; fileRef = 2DF6E5361E559C2600C81A30 /* UIColor+Modify_yq.m */; };
		2DF6E59B1E559C2600C81A30 /* UIColor+Random_yq.m in Sources */ = {isa = PBXBuildFile; fileRef = 2DF6E5381E559C2600C81A30 /* UIColor+Random_yq.m */; };
		2DF6E59C1E559C2600C81A30 /* UIColor+Web_yq.m in Sources */ = {isa = PBXBuildFile; fileRef = 2DF6E53A1E559C2600C81A30 /* UIColor+Web_yq.m */; };
		2DF6E59D1E559C2600C81A30 /* UIControl+Block_yq.m in Sources */ = {isa = PBXBuildFile; fileRef = 2DF6E53C1E559C2600C81A30 /* UIControl+Block_yq.m */; };
		2DF6E59E1E559C2600C81A30 /* UIControl+Sound_yq.m in Sources */ = {isa = PBXBuildFile; fileRef = 2DF6E53E1E559C2600C81A30 /* UIControl+Sound_yq.m */; };
		2DF6E59F1E559C2600C81A30 /* UIDevice+Hardware_yq.m in Sources */ = {isa = PBXBuildFile; fileRef = 2DF6E5401E559C2600C81A30 /* UIDevice+Hardware_yq.m */; };
		2DF6E5A01E559C2600C81A30 /* UIImage+Alpha_yq.m in Sources */ = {isa = PBXBuildFile; fileRef = 2DF6E5421E559C2600C81A30 /* UIImage+Alpha_yq.m */; };
		2DF6E5A11E559C2600C81A30 /* UIImage+Capture_yq.m in Sources */ = {isa = PBXBuildFile; fileRef = 2DF6E5441E559C2600C81A30 /* UIImage+Capture_yq.m */; };
		2DF6E5A21E559C2600C81A30 /* UIImage+Color_yq.m in Sources */ = {isa = PBXBuildFile; fileRef = 2DF6E5461E559C2600C81A30 /* UIImage+Color_yq.m */; };
		2DF6E5A31E559C2600C81A30 /* UIImage+FileName_yq.m in Sources */ = {isa = PBXBuildFile; fileRef = 2DF6E5481E559C2600C81A30 /* UIImage+FileName_yq.m */; };
		2DF6E5A41E559C2600C81A30 /* UIImage+GIF_yq.m in Sources */ = {isa = PBXBuildFile; fileRef = 2DF6E54A1E559C2600C81A30 /* UIImage+GIF_yq.m */; };
		2DF6E5A51E559C2600C81A30 /* UIImage+Orientation_yq.m in Sources */ = {isa = PBXBuildFile; fileRef = 2DF6E54C1E559C2600C81A30 /* UIImage+Orientation_yq.m */; };
		2DF6E5A61E559C2600C81A30 /* UIImage+SuperCompress_yq.m in Sources */ = {isa = PBXBuildFile; fileRef = 2DF6E54E1E559C2600C81A30 /* UIImage+SuperCompress_yq.m */; };
		2DF6E5A71E559C2600C81A30 /* UIImage+Util_yq.m in Sources */ = {isa = PBXBuildFile; fileRef = 2DF6E5501E559C2600C81A30 /* UIImage+Util_yq.m */; };
		2DF6E5A81E559C2600C81A30 /* UIImageView+Addition_yq.m in Sources */ = {isa = PBXBuildFile; fileRef = 2DF6E5521E559C2600C81A30 /* UIImageView+Addition_yq.m */; };
		2DF6E5A91E559C2600C81A30 /* UIImageView+Reflect_yq.m in Sources */ = {isa = PBXBuildFile; fileRef = 2DF6E5541E559C2600C81A30 /* UIImageView+Reflect_yq.m */; };
		2DF6E5AA1E559C2600C81A30 /* UILabel+AutoSize_yq.m in Sources */ = {isa = PBXBuildFile; fileRef = 2DF6E5561E559C2600C81A30 /* UILabel+AutoSize_yq.m */; };
		2DF6E5AB1E559C2600C81A30 /* UINavigationController+StackManager_yq.m in Sources */ = {isa = PBXBuildFile; fileRef = 2DF6E5581E559C2600C81A30 /* UINavigationController+StackManager_yq.m */; };
		2DF6E5AC1E559C2600C81A30 /* UINavigationController+Transitions_yq.m in Sources */ = {isa = PBXBuildFile; fileRef = 2DF6E55A1E559C2600C81A30 /* UINavigationController+Transitions_yq.m */; };
		2DF6E5AD1E559C2600C81A30 /* UIScrollView+Addition_yq.m in Sources */ = {isa = PBXBuildFile; fileRef = 2DF6E55C1E559C2600C81A30 /* UIScrollView+Addition_yq.m */; };
		2DF6E5AE1E559C2600C81A30 /* UIScrollView+Pages_yq.m in Sources */ = {isa = PBXBuildFile; fileRef = 2DF6E55E1E559C2600C81A30 /* UIScrollView+Pages_yq.m */; };
		2DF6E5AF1E559C2600C81A30 /* UITextField+InputLimit_yq.m in Sources */ = {isa = PBXBuildFile; fileRef = 2DF6E5601E559C2600C81A30 /* UITextField+InputLimit_yq.m */; };
		2DF6E5B01E559C2600C81A30 /* UITextField+Select_yq.m in Sources */ = {isa = PBXBuildFile; fileRef = 2DF6E5621E559C2600C81A30 /* UITextField+Select_yq.m */; };
		2DF6E5B11E559C2600C81A30 /* UITextView+InputLimit_yq.m in Sources */ = {isa = PBXBuildFile; fileRef = 2DF6E5641E559C2600C81A30 /* UITextView+InputLimit_yq.m */; };
		2DF6E5B21E559C2600C81A30 /* UITextView+Select_yq.m in Sources */ = {isa = PBXBuildFile; fileRef = 2DF6E5661E559C2600C81A30 /* UITextView+Select_yq.m */; };
		2DF6E5B31E559C2600C81A30 /* UIView+Find_yq.m in Sources */ = {isa = PBXBuildFile; fileRef = 2DF6E5681E559C2600C81A30 /* UIView+Find_yq.m */; };
		2DF6E5B41E559C2600C81A30 /* UIView+Screenshot_yq.m in Sources */ = {isa = PBXBuildFile; fileRef = 2DF6E56A1E559C2600C81A30 /* UIView+Screenshot_yq.m */; };
		2DF6E5B51E559C2600C81A30 /* UIView+Toast_yq.m in Sources */ = {isa = PBXBuildFile; fileRef = 2DF6E56C1E559C2600C81A30 /* UIView+Toast_yq.m */; };
		2DF6E5B61E559C2600C81A30 /* UIView+Util_yq.m in Sources */ = {isa = PBXBuildFile; fileRef = 2DF6E56E1E559C2600C81A30 /* UIView+Util_yq.m */; };
		2DF6E5D61E55A17200C81A30 /* YQConvert.m in Sources */ = {isa = PBXBuildFile; fileRef = 2DF6E5D11E55A17200C81A30 /* YQConvert.m */; };
		2DF6E5D71E55A17200C81A30 /* YQPublic.m in Sources */ = {isa = PBXBuildFile; fileRef = 2DF6E5D31E55A17200C81A30 /* YQPublic.m */; };
		2DF6E5D81E55A17200C81A30 /* YQSandbox.m in Sources */ = {isa = PBXBuildFile; fileRef = 2DF6E5D51E55A17200C81A30 /* YQSandbox.m */; };
		2DF6E6181E55ABEF00C81A30 /* NSArray+SafeAccess_yq.m in Sources */ = {isa = PBXBuildFile; fileRef = 2DF6E5DB1E55ABEF00C81A30 /* NSArray+SafeAccess_yq.m */; };
		2DF6E6191E55ABEF00C81A30 /* NSBundle+AppIcon_yq.m in Sources */ = {isa = PBXBuildFile; fileRef = 2DF6E5DD1E55ABEF00C81A30 /* NSBundle+AppIcon_yq.m */; };
		2DF6E61A1E55ABEF00C81A30 /* NSData+Base64_yq.m in Sources */ = {isa = PBXBuildFile; fileRef = 2DF6E5DF1E55ABEF00C81A30 /* NSData+Base64_yq.m */; };
		2DF6E61B1E55ABEF00C81A30 /* NSDate+Extension_yq.m in Sources */ = {isa = PBXBuildFile; fileRef = 2DF6E5E11E55ABEF00C81A30 /* NSDate+Extension_yq.m */; };
		2DF6E61C1E55ABEF00C81A30 /* NSDate+Utilities_yq.m in Sources */ = {isa = PBXBuildFile; fileRef = 2DF6E5E31E55ABEF00C81A30 /* NSDate+Utilities_yq.m */; };
		2DF6E61D1E55ABEF00C81A30 /* NSDecimalNumber+Extension_yq.m in Sources */ = {isa = PBXBuildFile; fileRef = 2DF6E5E51E55ABEF00C81A30 /* NSDecimalNumber+Extension_yq.m */; };
		2DF6E61E1E55ABEF00C81A30 /* NSDictionary+JSONString_yq.m in Sources */ = {isa = PBXBuildFile; fileRef = 2DF6E5E71E55ABEF00C81A30 /* NSDictionary+JSONString_yq.m */; };
		2DF6E61F1E55ABEF00C81A30 /* NSDictionary+Merge_yq.m in Sources */ = {isa = PBXBuildFile; fileRef = 2DF6E5E91E55ABEF00C81A30 /* NSDictionary+Merge_yq.m */; };
		2DF6E6201E55ABEF00C81A30 /* NSDictionary+SafeAccess_yq.m in Sources */ = {isa = PBXBuildFile; fileRef = 2DF6E5EB1E55ABEF00C81A30 /* NSDictionary+SafeAccess_yq.m */; };
		2DF6E6211E55ABEF00C81A30 /* NSDictionary+URL_yq.m in Sources */ = {isa = PBXBuildFile; fileRef = 2DF6E5ED1E55ABEF00C81A30 /* NSDictionary+URL_yq.m */; };
		2DF6E6221E55ABEF00C81A30 /* NSFileManager+Path_yq.m in Sources */ = {isa = PBXBuildFile; fileRef = 2DF6E5EF1E55ABEF00C81A30 /* NSFileManager+Path_yq.m */; };
		2DF6E6231E55ABEF00C81A30 /* NSIndexPath+Offset_yq.m in Sources */ = {isa = PBXBuildFile; fileRef = 2DF6E5F11E55ABEF00C81A30 /* NSIndexPath+Offset_yq.m */; };
		2DF6E6241E55ABEF00C81A30 /* NSNotificationCenter+MainThread_yq.m in Sources */ = {isa = PBXBuildFile; fileRef = 2DF6E5F31E55ABEF00C81A30 /* NSNotificationCenter+MainThread_yq.m */; };
		2DF6E6251E55ABEF00C81A30 /* NSNumber+CGFloat_yq.m in Sources */ = {isa = PBXBuildFile; fileRef = 2DF6E5F51E55ABEF00C81A30 /* NSNumber+CGFloat_yq.m */; };
		2DF6E6261E55ABEF00C81A30 /* NSNumber+Round_yq.m in Sources */ = {isa = PBXBuildFile; fileRef = 2DF6E5F71E55ABEF00C81A30 /* NSNumber+Round_yq.m */; };
		2DF6E6271E55ABEF00C81A30 /* NSObject+AppInfo_yq.m in Sources */ = {isa = PBXBuildFile; fileRef = 2DF6E5F91E55ABEF00C81A30 /* NSObject+AppInfo_yq.m */; };
		2DF6E6281E55ABEF00C81A30 /* NSObject+Reflection_yq.m in Sources */ = {isa = PBXBuildFile; fileRef = 2DF6E5FB1E55ABEF00C81A30 /* NSObject+Reflection_yq.m */; };
		2DF6E6291E55ABEF00C81A30 /* NSObject+Runtime_yq.m in Sources */ = {isa = PBXBuildFile; fileRef = 2DF6E5FD1E55ABEF00C81A30 /* NSObject+Runtime_yq.m */; };
		2DF6E62A1E55ABEF00C81A30 /* NSString+Base64_yq.m in Sources */ = {isa = PBXBuildFile; fileRef = 2DF6E5FF1E55ABEF00C81A30 /* NSString+Base64_yq.m */; };
		2DF6E62B1E55ABEF00C81A30 /* NSString+Contains_yq.m in Sources */ = {isa = PBXBuildFile; fileRef = 2DF6E6011E55ABEF00C81A30 /* NSString+Contains_yq.m */; };
		2DF6E62C1E55ABEF00C81A30 /* NSString+Dictionary_yq.m in Sources */ = {isa = PBXBuildFile; fileRef = 2DF6E6031E55ABEF00C81A30 /* NSString+Dictionary_yq.m */; };
		2DF6E62D1E55ABEF00C81A30 /* NSString+Emoji_yq.m in Sources */ = {isa = PBXBuildFile; fileRef = 2DF6E6051E55ABEF00C81A30 /* NSString+Emoji_yq.m */; };
		2DF6E62E1E55ABEF00C81A30 /* NSString+Encode_yq.m in Sources */ = {isa = PBXBuildFile; fileRef = 2DF6E6071E55ABEF00C81A30 /* NSString+Encode_yq.m */; };
		2DF6E62F1E55ABEF00C81A30 /* NSString+RegEx_yq.m in Sources */ = {isa = PBXBuildFile; fileRef = 2DF6E6091E55ABEF00C81A30 /* NSString+RegEx_yq.m */; };
		2DF6E6301E55ABEF00C81A30 /* NSString+Size_yq.m in Sources */ = {isa = PBXBuildFile; fileRef = 2DF6E60B1E55ABEF00C81A30 /* NSString+Size_yq.m */; };
		2DF6E6311E55ABEF00C81A30 /* NSString+URLEncode_yq.m in Sources */ = {isa = PBXBuildFile; fileRef = 2DF6E60D1E55ABEF00C81A30 /* NSString+URLEncode_yq.m */; };
		2DF6E6321E55ABEF00C81A30 /* NSString+Util_yq.m in Sources */ = {isa = PBXBuildFile; fileRef = 2DF6E60F1E55ABEF00C81A30 /* NSString+Util_yq.m */; };
		2DF6E6331E55ABEF00C81A30 /* NSTimer+Addition_yq.m in Sources */ = {isa = PBXBuildFile; fileRef = 2DF6E6111E55ABEF00C81A30 /* NSTimer+Addition_yq.m */; };
		2DF6E6341E55ABEF00C81A30 /* NSURL+Param_yq.m in Sources */ = {isa = PBXBuildFile; fileRef = 2DF6E6131E55ABEF00C81A30 /* NSURL+Param_yq.m */; };
		2DF6E6351E55ABEF00C81A30 /* NSUserDefaults+iCloudSync_yq.m in Sources */ = {isa = PBXBuildFile; fileRef = 2DF6E6151E55ABEF00C81A30 /* NSUserDefaults+iCloudSync_yq.m */; };
		2DF6E6361E55ABEF00C81A30 /* NSUserDefaults+SafeAccess_yq.m in Sources */ = {isa = PBXBuildFile; fileRef = 2DF6E6171E55ABEF00C81A30 /* NSUserDefaults+SafeAccess_yq.m */; };
/* End PBXBuildFile section */

/* Begin PBXContainerItemProxy section */
		2DF6E2AA1E5545D200C81A30 /* PBXContainerItemProxy */ = {
			isa = PBXContainerItemProxy;
			containerPortal = 2DF6E2881E5545D200C81A30 /* Project object */;
			proxyType = 1;
			remoteGlobalIDString = 2DF6E28F1E5545D200C81A30;
			remoteInfo = YQToolsDemo;
		};
		2DF6E2B51E5545D200C81A30 /* PBXContainerItemProxy */ = {
			isa = PBXContainerItemProxy;
			containerPortal = 2DF6E2881E5545D200C81A30 /* Project object */;
			proxyType = 1;
			remoteGlobalIDString = 2DF6E28F1E5545D200C81A30;
			remoteInfo = YQToolsDemo;
		};
/* End PBXContainerItemProxy section */

/* Begin PBXFileReference section */
		2DC407B81E56F67100210E59 /* YQNetworking.h */ = {isa = PBXFileReference; fileEncoding = 4; lastKnownFileType = sourcecode.c.h; path = YQNetworking.h; sourceTree = "<group>"; };
		2DC407B91E56F67100210E59 /* YQNetworking.m */ = {isa = PBXFileReference; fileEncoding = 4; lastKnownFileType = sourcecode.c.objc; path = YQNetworking.m; sourceTree = "<group>"; };
		2DEA69AC1E5A9030005F7259 /* UIApplication+APNs_yq.h */ = {isa = PBXFileReference; fileEncoding = 4; lastKnownFileType = sourcecode.c.h; path = "UIApplication+APNs_yq.h"; sourceTree = "<group>"; };
		2DEA69AD1E5A9030005F7259 /* UIApplication+APNs_yq.m */ = {isa = PBXFileReference; fileEncoding = 4; lastKnownFileType = sourcecode.c.objc; path = "UIApplication+APNs_yq.m"; sourceTree = "<group>"; };
		2DF6E2901E5545D200C81A30 /* YQToolsDemo.app */ = {isa = PBXFileReference; explicitFileType = wrapper.application; includeInIndex = 0; path = YQToolsDemo.app; sourceTree = BUILT_PRODUCTS_DIR; };
		2DF6E2941E5545D200C81A30 /* main.m */ = {isa = PBXFileReference; lastKnownFileType = sourcecode.c.objc; path = main.m; sourceTree = "<group>"; };
		2DF6E2961E5545D200C81A30 /* AppDelegate.h */ = {isa = PBXFileReference; lastKnownFileType = sourcecode.c.h; path = AppDelegate.h; sourceTree = "<group>"; };
		2DF6E2971E5545D200C81A30 /* AppDelegate.m */ = {isa = PBXFileReference; lastKnownFileType = sourcecode.c.objc; path = AppDelegate.m; sourceTree = "<group>"; };
		2DF6E2991E5545D200C81A30 /* ViewController.h */ = {isa = PBXFileReference; lastKnownFileType = sourcecode.c.h; path = ViewController.h; sourceTree = "<group>"; };
		2DF6E29A1E5545D200C81A30 /* ViewController.m */ = {isa = PBXFileReference; lastKnownFileType = sourcecode.c.objc; path = ViewController.m; sourceTree = "<group>"; };
		2DF6E29D1E5545D200C81A30 /* Base */ = {isa = PBXFileReference; lastKnownFileType = file.storyboard; name = Base; path = Base.lproj/Main.storyboard; sourceTree = "<group>"; };
		2DF6E29F1E5545D200C81A30 /* Assets.xcassets */ = {isa = PBXFileReference; lastKnownFileType = folder.assetcatalog; path = Assets.xcassets; sourceTree = "<group>"; };
		2DF6E2A21E5545D200C81A30 /* Base */ = {isa = PBXFileReference; lastKnownFileType = file.storyboard; name = Base; path = Base.lproj/LaunchScreen.storyboard; sourceTree = "<group>"; };
		2DF6E2A41E5545D200C81A30 /* Info.plist */ = {isa = PBXFileReference; lastKnownFileType = text.plist.xml; path = Info.plist; sourceTree = "<group>"; };
		2DF6E2A91E5545D200C81A30 /* YQToolsDemoTests.xctest */ = {isa = PBXFileReference; explicitFileType = wrapper.cfbundle; includeInIndex = 0; path = YQToolsDemoTests.xctest; sourceTree = BUILT_PRODUCTS_DIR; };
		2DF6E2AD1E5545D200C81A30 /* YQToolsDemoTests.m */ = {isa = PBXFileReference; lastKnownFileType = sourcecode.c.objc; path = YQToolsDemoTests.m; sourceTree = "<group>"; };
		2DF6E2AF1E5545D200C81A30 /* Info.plist */ = {isa = PBXFileReference; lastKnownFileType = text.plist.xml; path = Info.plist; sourceTree = "<group>"; };
		2DF6E2B41E5545D200C81A30 /* YQToolsDemoUITests.xctest */ = {isa = PBXFileReference; explicitFileType = wrapper.cfbundle; includeInIndex = 0; path = YQToolsDemoUITests.xctest; sourceTree = BUILT_PRODUCTS_DIR; };
		2DF6E2B81E5545D200C81A30 /* YQToolsDemoUITests.m */ = {isa = PBXFileReference; lastKnownFileType = sourcecode.c.objc; path = YQToolsDemoUITests.m; sourceTree = "<group>"; };
		2DF6E2BA1E5545D200C81A30 /* Info.plist */ = {isa = PBXFileReference; lastKnownFileType = text.plist.xml; path = Info.plist; sourceTree = "<group>"; };
		2DF6E2E21E5545F600C81A30 /* YQLocalNotification.h */ = {isa = PBXFileReference; fileEncoding = 4; lastKnownFileType = sourcecode.c.h; path = YQLocalNotification.h; sourceTree = "<group>"; };
		2DF6E2E31E5545F600C81A30 /* YQLocalNotification.m */ = {isa = PBXFileReference; fileEncoding = 4; lastKnownFileType = sourcecode.c.objc; path = YQLocalNotification.m; sourceTree = "<group>"; };
		2DF6E2ED1E5545F600C81A30 /* YQTools.h */ = {isa = PBXFileReference; fileEncoding = 4; lastKnownFileType = sourcecode.c.h; path = YQTools.h; sourceTree = "<group>"; };
		2DF6E51F1E559C2600C81A30 /* CALayer+Util_yq.h */ = {isa = PBXFileReference; fileEncoding = 4; lastKnownFileType = sourcecode.c.h; path = "CALayer+Util_yq.h"; sourceTree = "<group>"; };
		2DF6E5201E559C2600C81A30 /* CALayer+Util_yq.m */ = {isa = PBXFileReference; fileEncoding = 4; lastKnownFileType = sourcecode.c.objc; path = "CALayer+Util_yq.m"; sourceTree = "<group>"; };
		2DF6E5211E559C2600C81A30 /* UIBarButtonItem+Badge_yq.h */ = {isa = PBXFileReference; fileEncoding = 4; lastKnownFileType = sourcecode.c.h; path = "UIBarButtonItem+Badge_yq.h"; sourceTree = "<group>"; };
		2DF6E5221E559C2600C81A30 /* UIBarButtonItem+Badge_yq.m */ = {isa = PBXFileReference; fileEncoding = 4; lastKnownFileType = sourcecode.c.objc; path = "UIBarButtonItem+Badge_yq.m"; sourceTree = "<group>"; };
		2DF6E5231E559C2600C81A30 /* UIButton+BackgroundColor_yq.h */ = {isa = PBXFileReference; fileEncoding = 4; lastKnownFileType = sourcecode.c.h; path = "UIButton+BackgroundColor_yq.h"; sourceTree = "<group>"; };
		2DF6E5241E559C2600C81A30 /* UIButton+BackgroundColor_yq.m */ = {isa = PBXFileReference; fileEncoding = 4; lastKnownFileType = sourcecode.c.objc; path = "UIButton+BackgroundColor_yq.m"; sourceTree = "<group>"; };
		2DF6E5251E559C2600C81A30 /* UIButton+Badge_yq.h */ = {isa = PBXFileReference; fileEncoding = 4; lastKnownFileType = sourcecode.c.h; path = "UIButton+Badge_yq.h"; sourceTree = "<group>"; };
		2DF6E5261E559C2600C81A30 /* UIButton+Badge_yq.m */ = {isa = PBXFileReference; fileEncoding = 4; lastKnownFileType = sourcecode.c.objc; path = "UIButton+Badge_yq.m"; sourceTree = "<group>"; };
		2DF6E5271E559C2600C81A30 /* UIButton+Block_yq.h */ = {isa = PBXFileReference; fileEncoding = 4; lastKnownFileType = sourcecode.c.h; path = "UIButton+Block_yq.h"; sourceTree = "<group>"; };
		2DF6E5281E559C2600C81A30 /* UIButton+Block_yq.m */ = {isa = PBXFileReference; fileEncoding = 4; lastKnownFileType = sourcecode.c.objc; path = "UIButton+Block_yq.m"; sourceTree = "<group>"; };
		2DF6E5291E559C2600C81A30 /* UIButton+CountDown_yq.h */ = {isa = PBXFileReference; fileEncoding = 4; lastKnownFileType = sourcecode.c.h; path = "UIButton+CountDown_yq.h"; sourceTree = "<group>"; };
		2DF6E52A1E559C2600C81A30 /* UIButton+CountDown_yq.m */ = {isa = PBXFileReference; fileEncoding = 4; lastKnownFileType = sourcecode.c.objc; path = "UIButton+CountDown_yq.m"; sourceTree = "<group>"; };
		2DF6E52B1E559C2600C81A30 /* UIButton+ImagePosition_yq.h */ = {isa = PBXFileReference; fileEncoding = 4; lastKnownFileType = sourcecode.c.h; path = "UIButton+ImagePosition_yq.h"; sourceTree = "<group>"; };
		2DF6E52C1E559C2600C81A30 /* UIButton+ImagePosition_yq.m */ = {isa = PBXFileReference; fileEncoding = 4; lastKnownFileType = sourcecode.c.objc; path = "UIButton+ImagePosition_yq.m"; sourceTree = "<group>"; };
		2DF6E52D1E559C2600C81A30 /* UIButton+Indicator_yq.h */ = {isa = PBXFileReference; fileEncoding = 4; lastKnownFileType = sourcecode.c.h; path = "UIButton+Indicator_yq.h"; sourceTree = "<group>"; };
		2DF6E52E1E559C2600C81A30 /* UIButton+Indicator_yq.m */ = {isa = PBXFileReference; fileEncoding = 4; lastKnownFileType = sourcecode.c.objc; path = "UIButton+Indicator_yq.m"; sourceTree = "<group>"; };
		2DF6E52F1E559C2600C81A30 /* UIButton+Submitting_yq.h */ = {isa = PBXFileReference; fileEncoding = 4; lastKnownFileType = sourcecode.c.h; path = "UIButton+Submitting_yq.h"; sourceTree = "<group>"; };
		2DF6E5301E559C2600C81A30 /* UIButton+Submitting_yq.m */ = {isa = PBXFileReference; fileEncoding = 4; lastKnownFileType = sourcecode.c.objc; path = "UIButton+Submitting_yq.m"; sourceTree = "<group>"; };
		2DF6E5311E559C2600C81A30 /* UIColor+Gradient_yq.h */ = {isa = PBXFileReference; fileEncoding = 4; lastKnownFileType = sourcecode.c.h; path = "UIColor+Gradient_yq.h"; sourceTree = "<group>"; };
		2DF6E5321E559C2600C81A30 /* UIColor+Gradient_yq.m */ = {isa = PBXFileReference; fileEncoding = 4; lastKnownFileType = sourcecode.c.objc; path = "UIColor+Gradient_yq.m"; sourceTree = "<group>"; };
		2DF6E5331E559C2600C81A30 /* UIColor+Hex_yq.h */ = {isa = PBXFileReference; fileEncoding = 4; lastKnownFileType = sourcecode.c.h; path = "UIColor+Hex_yq.h"; sourceTree = "<group>"; };
		2DF6E5341E559C2600C81A30 /* UIColor+Hex_yq.m */ = {isa = PBXFileReference; fileEncoding = 4; lastKnownFileType = sourcecode.c.objc; path = "UIColor+Hex_yq.m"; sourceTree = "<group>"; };
		2DF6E5351E559C2600C81A30 /* UIColor+Modify_yq.h */ = {isa = PBXFileReference; fileEncoding = 4; lastKnownFileType = sourcecode.c.h; path = "UIColor+Modify_yq.h"; sourceTree = "<group>"; };
		2DF6E5361E559C2600C81A30 /* UIColor+Modify_yq.m */ = {isa = PBXFileReference; fileEncoding = 4; lastKnownFileType = sourcecode.c.objc; path = "UIColor+Modify_yq.m"; sourceTree = "<group>"; };
		2DF6E5371E559C2600C81A30 /* UIColor+Random_yq.h */ = {isa = PBXFileReference; fileEncoding = 4; lastKnownFileType = sourcecode.c.h; path = "UIColor+Random_yq.h"; sourceTree = "<group>"; };
		2DF6E5381E559C2600C81A30 /* UIColor+Random_yq.m */ = {isa = PBXFileReference; fileEncoding = 4; lastKnownFileType = sourcecode.c.objc; path = "UIColor+Random_yq.m"; sourceTree = "<group>"; };
		2DF6E5391E559C2600C81A30 /* UIColor+Web_yq.h */ = {isa = PBXFileReference; fileEncoding = 4; lastKnownFileType = sourcecode.c.h; path = "UIColor+Web_yq.h"; sourceTree = "<group>"; };
		2DF6E53A1E559C2600C81A30 /* UIColor+Web_yq.m */ = {isa = PBXFileReference; fileEncoding = 4; lastKnownFileType = sourcecode.c.objc; path = "UIColor+Web_yq.m"; sourceTree = "<group>"; };
		2DF6E53B1E559C2600C81A30 /* UIControl+Block_yq.h */ = {isa = PBXFileReference; fileEncoding = 4; lastKnownFileType = sourcecode.c.h; path = "UIControl+Block_yq.h"; sourceTree = "<group>"; };
		2DF6E53C1E559C2600C81A30 /* UIControl+Block_yq.m */ = {isa = PBXFileReference; fileEncoding = 4; lastKnownFileType = sourcecode.c.objc; path = "UIControl+Block_yq.m"; sourceTree = "<group>"; };
		2DF6E53D1E559C2600C81A30 /* UIControl+Sound_yq.h */ = {isa = PBXFileReference; fileEncoding = 4; lastKnownFileType = sourcecode.c.h; path = "UIControl+Sound_yq.h"; sourceTree = "<group>"; };
		2DF6E53E1E559C2600C81A30 /* UIControl+Sound_yq.m */ = {isa = PBXFileReference; fileEncoding = 4; lastKnownFileType = sourcecode.c.objc; path = "UIControl+Sound_yq.m"; sourceTree = "<group>"; };
		2DF6E53F1E559C2600C81A30 /* UIDevice+Hardware_yq.h */ = {isa = PBXFileReference; fileEncoding = 4; lastKnownFileType = sourcecode.c.h; path = "UIDevice+Hardware_yq.h"; sourceTree = "<group>"; };
		2DF6E5401E559C2600C81A30 /* UIDevice+Hardware_yq.m */ = {isa = PBXFileReference; fileEncoding = 4; lastKnownFileType = sourcecode.c.objc; path = "UIDevice+Hardware_yq.m"; sourceTree = "<group>"; };
		2DF6E5411E559C2600C81A30 /* UIImage+Alpha_yq.h */ = {isa = PBXFileReference; fileEncoding = 4; lastKnownFileType = sourcecode.c.h; path = "UIImage+Alpha_yq.h"; sourceTree = "<group>"; };
		2DF6E5421E559C2600C81A30 /* UIImage+Alpha_yq.m */ = {isa = PBXFileReference; fileEncoding = 4; lastKnownFileType = sourcecode.c.objc; path = "UIImage+Alpha_yq.m"; sourceTree = "<group>"; };
		2DF6E5431E559C2600C81A30 /* UIImage+Capture_yq.h */ = {isa = PBXFileReference; fileEncoding = 4; lastKnownFileType = sourcecode.c.h; path = "UIImage+Capture_yq.h"; sourceTree = "<group>"; };
		2DF6E5441E559C2600C81A30 /* UIImage+Capture_yq.m */ = {isa = PBXFileReference; fileEncoding = 4; lastKnownFileType = sourcecode.c.objc; path = "UIImage+Capture_yq.m"; sourceTree = "<group>"; };
		2DF6E5451E559C2600C81A30 /* UIImage+Color_yq.h */ = {isa = PBXFileReference; fileEncoding = 4; lastKnownFileType = sourcecode.c.h; path = "UIImage+Color_yq.h"; sourceTree = "<group>"; };
		2DF6E5461E559C2600C81A30 /* UIImage+Color_yq.m */ = {isa = PBXFileReference; fileEncoding = 4; lastKnownFileType = sourcecode.c.objc; path = "UIImage+Color_yq.m"; sourceTree = "<group>"; };
		2DF6E5471E559C2600C81A30 /* UIImage+FileName_yq.h */ = {isa = PBXFileReference; fileEncoding = 4; lastKnownFileType = sourcecode.c.h; path = "UIImage+FileName_yq.h"; sourceTree = "<group>"; };
		2DF6E5481E559C2600C81A30 /* UIImage+FileName_yq.m */ = {isa = PBXFileReference; fileEncoding = 4; lastKnownFileType = sourcecode.c.objc; path = "UIImage+FileName_yq.m"; sourceTree = "<group>"; };
		2DF6E5491E559C2600C81A30 /* UIImage+GIF_yq.h */ = {isa = PBXFileReference; fileEncoding = 4; lastKnownFileType = sourcecode.c.h; path = "UIImage+GIF_yq.h"; sourceTree = "<group>"; };
		2DF6E54A1E559C2600C81A30 /* UIImage+GIF_yq.m */ = {isa = PBXFileReference; fileEncoding = 4; lastKnownFileType = sourcecode.c.objc; path = "UIImage+GIF_yq.m"; sourceTree = "<group>"; };
		2DF6E54B1E559C2600C81A30 /* UIImage+Orientation_yq.h */ = {isa = PBXFileReference; fileEncoding = 4; lastKnownFileType = sourcecode.c.h; path = "UIImage+Orientation_yq.h"; sourceTree = "<group>"; };
		2DF6E54C1E559C2600C81A30 /* UIImage+Orientation_yq.m */ = {isa = PBXFileReference; fileEncoding = 4; lastKnownFileType = sourcecode.c.objc; path = "UIImage+Orientation_yq.m"; sourceTree = "<group>"; };
		2DF6E54D1E559C2600C81A30 /* UIImage+SuperCompress_yq.h */ = {isa = PBXFileReference; fileEncoding = 4; lastKnownFileType = sourcecode.c.h; path = "UIImage+SuperCompress_yq.h"; sourceTree = "<group>"; };
		2DF6E54E1E559C2600C81A30 /* UIImage+SuperCompress_yq.m */ = {isa = PBXFileReference; fileEncoding = 4; lastKnownFileType = sourcecode.c.objc; path = "UIImage+SuperCompress_yq.m"; sourceTree = "<group>"; };
		2DF6E54F1E559C2600C81A30 /* UIImage+Util_yq.h */ = {isa = PBXFileReference; fileEncoding = 4; lastKnownFileType = sourcecode.c.h; path = "UIImage+Util_yq.h"; sourceTree = "<group>"; };
		2DF6E5501E559C2600C81A30 /* UIImage+Util_yq.m */ = {isa = PBXFileReference; fileEncoding = 4; lastKnownFileType = sourcecode.c.objc; path = "UIImage+Util_yq.m"; sourceTree = "<group>"; };
		2DF6E5511E559C2600C81A30 /* UIImageView+Addition_yq.h */ = {isa = PBXFileReference; fileEncoding = 4; lastKnownFileType = sourcecode.c.h; path = "UIImageView+Addition_yq.h"; sourceTree = "<group>"; };
		2DF6E5521E559C2600C81A30 /* UIImageView+Addition_yq.m */ = {isa = PBXFileReference; fileEncoding = 4; lastKnownFileType = sourcecode.c.objc; path = "UIImageView+Addition_yq.m"; sourceTree = "<group>"; };
		2DF6E5531E559C2600C81A30 /* UIImageView+Reflect_yq.h */ = {isa = PBXFileReference; fileEncoding = 4; lastKnownFileType = sourcecode.c.h; path = "UIImageView+Reflect_yq.h"; sourceTree = "<group>"; };
		2DF6E5541E559C2600C81A30 /* UIImageView+Reflect_yq.m */ = {isa = PBXFileReference; fileEncoding = 4; lastKnownFileType = sourcecode.c.objc; path = "UIImageView+Reflect_yq.m"; sourceTree = "<group>"; };
		2DF6E5551E559C2600C81A30 /* UILabel+AutoSize_yq.h */ = {isa = PBXFileReference; fileEncoding = 4; lastKnownFileType = sourcecode.c.h; path = "UILabel+AutoSize_yq.h"; sourceTree = "<group>"; };
		2DF6E5561E559C2600C81A30 /* UILabel+AutoSize_yq.m */ = {isa = PBXFileReference; fileEncoding = 4; lastKnownFileType = sourcecode.c.objc; path = "UILabel+AutoSize_yq.m"; sourceTree = "<group>"; };
		2DF6E5571E559C2600C81A30 /* UINavigationController+StackManager_yq.h */ = {isa = PBXFileReference; fileEncoding = 4; lastKnownFileType = sourcecode.c.h; path = "UINavigationController+StackManager_yq.h"; sourceTree = "<group>"; };
		2DF6E5581E559C2600C81A30 /* UINavigationController+StackManager_yq.m */ = {isa = PBXFileReference; fileEncoding = 4; lastKnownFileType = sourcecode.c.objc; path = "UINavigationController+StackManager_yq.m"; sourceTree = "<group>"; };
		2DF6E5591E559C2600C81A30 /* UINavigationController+Transitions_yq.h */ = {isa = PBXFileReference; fileEncoding = 4; lastKnownFileType = sourcecode.c.h; path = "UINavigationController+Transitions_yq.h"; sourceTree = "<group>"; };
		2DF6E55A1E559C2600C81A30 /* UINavigationController+Transitions_yq.m */ = {isa = PBXFileReference; fileEncoding = 4; lastKnownFileType = sourcecode.c.objc; path = "UINavigationController+Transitions_yq.m"; sourceTree = "<group>"; };
		2DF6E55B1E559C2600C81A30 /* UIScrollView+Addition_yq.h */ = {isa = PBXFileReference; fileEncoding = 4; lastKnownFileType = sourcecode.c.h; path = "UIScrollView+Addition_yq.h"; sourceTree = "<group>"; };
		2DF6E55C1E559C2600C81A30 /* UIScrollView+Addition_yq.m */ = {isa = PBXFileReference; fileEncoding = 4; lastKnownFileType = sourcecode.c.objc; path = "UIScrollView+Addition_yq.m"; sourceTree = "<group>"; };
		2DF6E55D1E559C2600C81A30 /* UIScrollView+Pages_yq.h */ = {isa = PBXFileReference; fileEncoding = 4; lastKnownFileType = sourcecode.c.h; path = "UIScrollView+Pages_yq.h"; sourceTree = "<group>"; };
		2DF6E55E1E559C2600C81A30 /* UIScrollView+Pages_yq.m */ = {isa = PBXFileReference; fileEncoding = 4; lastKnownFileType = sourcecode.c.objc; path = "UIScrollView+Pages_yq.m"; sourceTree = "<group>"; };
		2DF6E55F1E559C2600C81A30 /* UITextField+InputLimit_yq.h */ = {isa = PBXFileReference; fileEncoding = 4; lastKnownFileType = sourcecode.c.h; path = "UITextField+InputLimit_yq.h"; sourceTree = "<group>"; };
		2DF6E5601E559C2600C81A30 /* UITextField+InputLimit_yq.m */ = {isa = PBXFileReference; fileEncoding = 4; lastKnownFileType = sourcecode.c.objc; path = "UITextField+InputLimit_yq.m"; sourceTree = "<group>"; };
		2DF6E5611E559C2600C81A30 /* UITextField+Select_yq.h */ = {isa = PBXFileReference; fileEncoding = 4; lastKnownFileType = sourcecode.c.h; path = "UITextField+Select_yq.h"; sourceTree = "<group>"; };
		2DF6E5621E559C2600C81A30 /* UITextField+Select_yq.m */ = {isa = PBXFileReference; fileEncoding = 4; lastKnownFileType = sourcecode.c.objc; path = "UITextField+Select_yq.m"; sourceTree = "<group>"; };
		2DF6E5631E559C2600C81A30 /* UITextView+InputLimit_yq.h */ = {isa = PBXFileReference; fileEncoding = 4; lastKnownFileType = sourcecode.c.h; path = "UITextView+InputLimit_yq.h"; sourceTree = "<group>"; };
		2DF6E5641E559C2600C81A30 /* UITextView+InputLimit_yq.m */ = {isa = PBXFileReference; fileEncoding = 4; lastKnownFileType = sourcecode.c.objc; path = "UITextView+InputLimit_yq.m"; sourceTree = "<group>"; };
		2DF6E5651E559C2600C81A30 /* UITextView+Select_yq.h */ = {isa = PBXFileReference; fileEncoding = 4; lastKnownFileType = sourcecode.c.h; path = "UITextView+Select_yq.h"; sourceTree = "<group>"; };
		2DF6E5661E559C2600C81A30 /* UITextView+Select_yq.m */ = {isa = PBXFileReference; fileEncoding = 4; lastKnownFileType = sourcecode.c.objc; path = "UITextView+Select_yq.m"; sourceTree = "<group>"; };
		2DF6E5671E559C2600C81A30 /* UIView+Find_yq.h */ = {isa = PBXFileReference; fileEncoding = 4; lastKnownFileType = sourcecode.c.h; path = "UIView+Find_yq.h"; sourceTree = "<group>"; };
		2DF6E5681E559C2600C81A30 /* UIView+Find_yq.m */ = {isa = PBXFileReference; fileEncoding = 4; lastKnownFileType = sourcecode.c.objc; path = "UIView+Find_yq.m"; sourceTree = "<group>"; };
		2DF6E5691E559C2600C81A30 /* UIView+Screenshot_yq.h */ = {isa = PBXFileReference; fileEncoding = 4; lastKnownFileType = sourcecode.c.h; path = "UIView+Screenshot_yq.h"; sourceTree = "<group>"; };
		2DF6E56A1E559C2600C81A30 /* UIView+Screenshot_yq.m */ = {isa = PBXFileReference; fileEncoding = 4; lastKnownFileType = sourcecode.c.objc; path = "UIView+Screenshot_yq.m"; sourceTree = "<group>"; };
		2DF6E56B1E559C2600C81A30 /* UIView+Toast_yq.h */ = {isa = PBXFileReference; fileEncoding = 4; lastKnownFileType = sourcecode.c.h; path = "UIView+Toast_yq.h"; sourceTree = "<group>"; };
		2DF6E56C1E559C2600C81A30 /* UIView+Toast_yq.m */ = {isa = PBXFileReference; fileEncoding = 4; lastKnownFileType = sourcecode.c.objc; path = "UIView+Toast_yq.m"; sourceTree = "<group>"; };
		2DF6E56D1E559C2600C81A30 /* UIView+Util_yq.h */ = {isa = PBXFileReference; fileEncoding = 4; lastKnownFileType = sourcecode.c.h; path = "UIView+Util_yq.h"; sourceTree = "<group>"; };
		2DF6E56E1E559C2600C81A30 /* UIView+Util_yq.m */ = {isa = PBXFileReference; fileEncoding = 4; lastKnownFileType = sourcecode.c.objc; path = "UIView+Util_yq.m"; sourceTree = "<group>"; };
		2DF6E5B71E559D4700C81A30 /* YQFoundation.h */ = {isa = PBXFileReference; lastKnownFileType = sourcecode.c.h; path = YQFoundation.h; sourceTree = "<group>"; };
		2DF6E5B81E559ECD00C81A30 /* YQUIKit.h */ = {isa = PBXFileReference; lastKnownFileType = sourcecode.c.h; path = YQUIKit.h; sourceTree = "<group>"; };
		2DF6E5BC1E559FE800C81A30 /* YQAppMacro.h */ = {isa = PBXFileReference; fileEncoding = 4; lastKnownFileType = sourcecode.c.h; path = YQAppMacro.h; sourceTree = "<group>"; };
		2DF6E5BD1E559FE800C81A30 /* YQColorMacro.h */ = {isa = PBXFileReference; fileEncoding = 4; lastKnownFileType = sourcecode.c.h; path = YQColorMacro.h; sourceTree = "<group>"; };
		2DF6E5BF1E559FE800C81A30 /* YQNotificationMacro.h */ = {isa = PBXFileReference; fileEncoding = 4; lastKnownFileType = sourcecode.c.h; path = YQNotificationMacro.h; sourceTree = "<group>"; };
		2DF6E5C01E559FE800C81A30 /* YQRequestMacro.h */ = {isa = PBXFileReference; fileEncoding = 4; lastKnownFileType = sourcecode.c.h; path = YQRequestMacro.h; sourceTree = "<group>"; };
		2DF6E5C11E559FE800C81A30 /* YQSQLMacro.h */ = {isa = PBXFileReference; fileEncoding = 4; lastKnownFileType = sourcecode.c.h; path = YQSQLMacro.h; sourceTree = "<group>"; };
		2DF6E5C21E559FE800C81A30 /* YQUtilsMacro.h */ = {isa = PBXFileReference; fileEncoding = 4; lastKnownFileType = sourcecode.c.h; path = YQUtilsMacro.h; sourceTree = "<group>"; };
		2DF6E5CD1E55A06C00C81A30 /* YQMacro.h */ = {isa = PBXFileReference; fileEncoding = 4; lastKnownFileType = sourcecode.c.h; path = YQMacro.h; sourceTree = "<group>"; };
		2DF6E5CE1E55A09A00C81A30 /* YQCategory.h */ = {isa = PBXFileReference; fileEncoding = 4; lastKnownFileType = sourcecode.c.h; path = YQCategory.h; sourceTree = "<group>"; };
		2DF6E5D01E55A17200C81A30 /* YQConvert.h */ = {isa = PBXFileReference; fileEncoding = 4; lastKnownFileType = sourcecode.c.h; path = YQConvert.h; sourceTree = "<group>"; };
		2DF6E5D11E55A17200C81A30 /* YQConvert.m */ = {isa = PBXFileReference; fileEncoding = 4; lastKnownFileType = sourcecode.c.objc; path = YQConvert.m; sourceTree = "<group>"; };
		2DF6E5D21E55A17200C81A30 /* YQPublic.h */ = {isa = PBXFileReference; fileEncoding = 4; lastKnownFileType = sourcecode.c.h; path = YQPublic.h; sourceTree = "<group>"; };
		2DF6E5D31E55A17200C81A30 /* YQPublic.m */ = {isa = PBXFileReference; fileEncoding = 4; lastKnownFileType = sourcecode.c.objc; path = YQPublic.m; sourceTree = "<group>"; };
		2DF6E5D41E55A17200C81A30 /* YQSandbox.h */ = {isa = PBXFileReference; fileEncoding = 4; lastKnownFileType = sourcecode.c.h; path = YQSandbox.h; sourceTree = "<group>"; };
		2DF6E5D51E55A17200C81A30 /* YQSandbox.m */ = {isa = PBXFileReference; fileEncoding = 4; lastKnownFileType = sourcecode.c.objc; path = YQSandbox.m; sourceTree = "<group>"; };
		2DF6E5DA1E55ABEF00C81A30 /* NSArray+SafeAccess_yq.h */ = {isa = PBXFileReference; fileEncoding = 4; lastKnownFileType = sourcecode.c.h; path = "NSArray+SafeAccess_yq.h"; sourceTree = "<group>"; };
		2DF6E5DB1E55ABEF00C81A30 /* NSArray+SafeAccess_yq.m */ = {isa = PBXFileReference; fileEncoding = 4; lastKnownFileType = sourcecode.c.objc; path = "NSArray+SafeAccess_yq.m"; sourceTree = "<group>"; };
		2DF6E5DC1E55ABEF00C81A30 /* NSBundle+AppIcon_yq.h */ = {isa = PBXFileReference; fileEncoding = 4; lastKnownFileType = sourcecode.c.h; path = "NSBundle+AppIcon_yq.h"; sourceTree = "<group>"; };
		2DF6E5DD1E55ABEF00C81A30 /* NSBundle+AppIcon_yq.m */ = {isa = PBXFileReference; fileEncoding = 4; lastKnownFileType = sourcecode.c.objc; path = "NSBundle+AppIcon_yq.m"; sourceTree = "<group>"; };
		2DF6E5DE1E55ABEF00C81A30 /* NSData+Base64_yq.h */ = {isa = PBXFileReference; fileEncoding = 4; lastKnownFileType = sourcecode.c.h; path = "NSData+Base64_yq.h"; sourceTree = "<group>"; };
		2DF6E5DF1E55ABEF00C81A30 /* NSData+Base64_yq.m */ = {isa = PBXFileReference; fileEncoding = 4; lastKnownFileType = sourcecode.c.objc; path = "NSData+Base64_yq.m"; sourceTree = "<group>"; };
		2DF6E5E01E55ABEF00C81A30 /* NSDate+Extension_yq.h */ = {isa = PBXFileReference; fileEncoding = 4; lastKnownFileType = sourcecode.c.h; path = "NSDate+Extension_yq.h"; sourceTree = "<group>"; };
		2DF6E5E11E55ABEF00C81A30 /* NSDate+Extension_yq.m */ = {isa = PBXFileReference; fileEncoding = 4; lastKnownFileType = sourcecode.c.objc; path = "NSDate+Extension_yq.m"; sourceTree = "<group>"; };
		2DF6E5E21E55ABEF00C81A30 /* NSDate+Utilities_yq.h */ = {isa = PBXFileReference; fileEncoding = 4; lastKnownFileType = sourcecode.c.h; path = "NSDate+Utilities_yq.h"; sourceTree = "<group>"; };
		2DF6E5E31E55ABEF00C81A30 /* NSDate+Utilities_yq.m */ = {isa = PBXFileReference; fileEncoding = 4; lastKnownFileType = sourcecode.c.objc; path = "NSDate+Utilities_yq.m"; sourceTree = "<group>"; };
		2DF6E5E41E55ABEF00C81A30 /* NSDecimalNumber+Extension_yq.h */ = {isa = PBXFileReference; fileEncoding = 4; lastKnownFileType = sourcecode.c.h; path = "NSDecimalNumber+Extension_yq.h"; sourceTree = "<group>"; };
		2DF6E5E51E55ABEF00C81A30 /* NSDecimalNumber+Extension_yq.m */ = {isa = PBXFileReference; fileEncoding = 4; lastKnownFileType = sourcecode.c.objc; path = "NSDecimalNumber+Extension_yq.m"; sourceTree = "<group>"; };
		2DF6E5E61E55ABEF00C81A30 /* NSDictionary+JSONString_yq.h */ = {isa = PBXFileReference; fileEncoding = 4; lastKnownFileType = sourcecode.c.h; path = "NSDictionary+JSONString_yq.h"; sourceTree = "<group>"; };
		2DF6E5E71E55ABEF00C81A30 /* NSDictionary+JSONString_yq.m */ = {isa = PBXFileReference; fileEncoding = 4; lastKnownFileType = sourcecode.c.objc; path = "NSDictionary+JSONString_yq.m"; sourceTree = "<group>"; };
		2DF6E5E81E55ABEF00C81A30 /* NSDictionary+Merge_yq.h */ = {isa = PBXFileReference; fileEncoding = 4; lastKnownFileType = sourcecode.c.h; path = "NSDictionary+Merge_yq.h"; sourceTree = "<group>"; };
		2DF6E5E91E55ABEF00C81A30 /* NSDictionary+Merge_yq.m */ = {isa = PBXFileReference; fileEncoding = 4; lastKnownFileType = sourcecode.c.objc; path = "NSDictionary+Merge_yq.m"; sourceTree = "<group>"; };
		2DF6E5EA1E55ABEF00C81A30 /* NSDictionary+SafeAccess_yq.h */ = {isa = PBXFileReference; fileEncoding = 4; lastKnownFileType = sourcecode.c.h; path = "NSDictionary+SafeAccess_yq.h"; sourceTree = "<group>"; };
		2DF6E5EB1E55ABEF00C81A30 /* NSDictionary+SafeAccess_yq.m */ = {isa = PBXFileReference; fileEncoding = 4; lastKnownFileType = sourcecode.c.objc; path = "NSDictionary+SafeAccess_yq.m"; sourceTree = "<group>"; };
		2DF6E5EC1E55ABEF00C81A30 /* NSDictionary+URL_yq.h */ = {isa = PBXFileReference; fileEncoding = 4; lastKnownFileType = sourcecode.c.h; path = "NSDictionary+URL_yq.h"; sourceTree = "<group>"; };
		2DF6E5ED1E55ABEF00C81A30 /* NSDictionary+URL_yq.m */ = {isa = PBXFileReference; fileEncoding = 4; lastKnownFileType = sourcecode.c.objc; path = "NSDictionary+URL_yq.m"; sourceTree = "<group>"; };
		2DF6E5EE1E55ABEF00C81A30 /* NSFileManager+Path_yq.h */ = {isa = PBXFileReference; fileEncoding = 4; lastKnownFileType = sourcecode.c.h; path = "NSFileManager+Path_yq.h"; sourceTree = "<group>"; };
		2DF6E5EF1E55ABEF00C81A30 /* NSFileManager+Path_yq.m */ = {isa = PBXFileReference; fileEncoding = 4; lastKnownFileType = sourcecode.c.objc; path = "NSFileManager+Path_yq.m"; sourceTree = "<group>"; };
		2DF6E5F01E55ABEF00C81A30 /* NSIndexPath+Offset_yq.h */ = {isa = PBXFileReference; fileEncoding = 4; lastKnownFileType = sourcecode.c.h; path = "NSIndexPath+Offset_yq.h"; sourceTree = "<group>"; };
		2DF6E5F11E55ABEF00C81A30 /* NSIndexPath+Offset_yq.m */ = {isa = PBXFileReference; fileEncoding = 4; lastKnownFileType = sourcecode.c.objc; path = "NSIndexPath+Offset_yq.m"; sourceTree = "<group>"; };
		2DF6E5F21E55ABEF00C81A30 /* NSNotificationCenter+MainThread_yq.h */ = {isa = PBXFileReference; fileEncoding = 4; lastKnownFileType = sourcecode.c.h; path = "NSNotificationCenter+MainThread_yq.h"; sourceTree = "<group>"; };
		2DF6E5F31E55ABEF00C81A30 /* NSNotificationCenter+MainThread_yq.m */ = {isa = PBXFileReference; fileEncoding = 4; lastKnownFileType = sourcecode.c.objc; path = "NSNotificationCenter+MainThread_yq.m"; sourceTree = "<group>"; };
		2DF6E5F41E55ABEF00C81A30 /* NSNumber+CGFloat_yq.h */ = {isa = PBXFileReference; fileEncoding = 4; lastKnownFileType = sourcecode.c.h; path = "NSNumber+CGFloat_yq.h"; sourceTree = "<group>"; };
		2DF6E5F51E55ABEF00C81A30 /* NSNumber+CGFloat_yq.m */ = {isa = PBXFileReference; fileEncoding = 4; lastKnownFileType = sourcecode.c.objc; path = "NSNumber+CGFloat_yq.m"; sourceTree = "<group>"; };
		2DF6E5F61E55ABEF00C81A30 /* NSNumber+Round_yq.h */ = {isa = PBXFileReference; fileEncoding = 4; lastKnownFileType = sourcecode.c.h; path = "NSNumber+Round_yq.h"; sourceTree = "<group>"; };
		2DF6E5F71E55ABEF00C81A30 /* NSNumber+Round_yq.m */ = {isa = PBXFileReference; fileEncoding = 4; lastKnownFileType = sourcecode.c.objc; path = "NSNumber+Round_yq.m"; sourceTree = "<group>"; };
		2DF6E5F81E55ABEF00C81A30 /* NSObject+AppInfo_yq.h */ = {isa = PBXFileReference; fileEncoding = 4; lastKnownFileType = sourcecode.c.h; path = "NSObject+AppInfo_yq.h"; sourceTree = "<group>"; };
		2DF6E5F91E55ABEF00C81A30 /* NSObject+AppInfo_yq.m */ = {isa = PBXFileReference; fileEncoding = 4; lastKnownFileType = sourcecode.c.objc; path = "NSObject+AppInfo_yq.m"; sourceTree = "<group>"; };
		2DF6E5FA1E55ABEF00C81A30 /* NSObject+Reflection_yq.h */ = {isa = PBXFileReference; fileEncoding = 4; lastKnownFileType = sourcecode.c.h; path = "NSObject+Reflection_yq.h"; sourceTree = "<group>"; };
		2DF6E5FB1E55ABEF00C81A30 /* NSObject+Reflection_yq.m */ = {isa = PBXFileReference; fileEncoding = 4; lastKnownFileType = sourcecode.c.objc; path = "NSObject+Reflection_yq.m"; sourceTree = "<group>"; };
		2DF6E5FC1E55ABEF00C81A30 /* NSObject+Runtime_yq.h */ = {isa = PBXFileReference; fileEncoding = 4; lastKnownFileType = sourcecode.c.h; path = "NSObject+Runtime_yq.h"; sourceTree = "<group>"; };
		2DF6E5FD1E55ABEF00C81A30 /* NSObject+Runtime_yq.m */ = {isa = PBXFileReference; fileEncoding = 4; lastKnownFileType = sourcecode.c.objc; path = "NSObject+Runtime_yq.m"; sourceTree = "<group>"; };
		2DF6E5FE1E55ABEF00C81A30 /* NSString+Base64_yq.h */ = {isa = PBXFileReference; fileEncoding = 4; lastKnownFileType = sourcecode.c.h; path = "NSString+Base64_yq.h"; sourceTree = "<group>"; };
		2DF6E5FF1E55ABEF00C81A30 /* NSString+Base64_yq.m */ = {isa = PBXFileReference; fileEncoding = 4; lastKnownFileType = sourcecode.c.objc; path = "NSString+Base64_yq.m"; sourceTree = "<group>"; };
		2DF6E6001E55ABEF00C81A30 /* NSString+Contains_yq.h */ = {isa = PBXFileReference; fileEncoding = 4; lastKnownFileType = sourcecode.c.h; path = "NSString+Contains_yq.h"; sourceTree = "<group>"; };
		2DF6E6011E55ABEF00C81A30 /* NSString+Contains_yq.m */ = {isa = PBXFileReference; fileEncoding = 4; lastKnownFileType = sourcecode.c.objc; path = "NSString+Contains_yq.m"; sourceTree = "<group>"; };
		2DF6E6021E55ABEF00C81A30 /* NSString+Dictionary_yq.h */ = {isa = PBXFileReference; fileEncoding = 4; lastKnownFileType = sourcecode.c.h; path = "NSString+Dictionary_yq.h"; sourceTree = "<group>"; };
		2DF6E6031E55ABEF00C81A30 /* NSString+Dictionary_yq.m */ = {isa = PBXFileReference; fileEncoding = 4; lastKnownFileType = sourcecode.c.objc; path = "NSString+Dictionary_yq.m"; sourceTree = "<group>"; };
		2DF6E6041E55ABEF00C81A30 /* NSString+Emoji_yq.h */ = {isa = PBXFileReference; fileEncoding = 4; lastKnownFileType = sourcecode.c.h; path = "NSString+Emoji_yq.h"; sourceTree = "<group>"; };
		2DF6E6051E55ABEF00C81A30 /* NSString+Emoji_yq.m */ = {isa = PBXFileReference; fileEncoding = 4; lastKnownFileType = sourcecode.c.objc; path = "NSString+Emoji_yq.m"; sourceTree = "<group>"; };
		2DF6E6061E55ABEF00C81A30 /* NSString+Encode_yq.h */ = {isa = PBXFileReference; fileEncoding = 4; lastKnownFileType = sourcecode.c.h; path = "NSString+Encode_yq.h"; sourceTree = "<group>"; };
		2DF6E6071E55ABEF00C81A30 /* NSString+Encode_yq.m */ = {isa = PBXFileReference; fileEncoding = 4; lastKnownFileType = sourcecode.c.objc; path = "NSString+Encode_yq.m"; sourceTree = "<group>"; };
		2DF6E6081E55ABEF00C81A30 /* NSString+RegEx_yq.h */ = {isa = PBXFileReference; fileEncoding = 4; lastKnownFileType = sourcecode.c.h; path = "NSString+RegEx_yq.h"; sourceTree = "<group>"; };
		2DF6E6091E55ABEF00C81A30 /* NSString+RegEx_yq.m */ = {isa = PBXFileReference; fileEncoding = 4; lastKnownFileType = sourcecode.c.objc; path = "NSString+RegEx_yq.m"; sourceTree = "<group>"; };
		2DF6E60A1E55ABEF00C81A30 /* NSString+Size_yq.h */ = {isa = PBXFileReference; fileEncoding = 4; lastKnownFileType = sourcecode.c.h; path = "NSString+Size_yq.h"; sourceTree = "<group>"; };
		2DF6E60B1E55ABEF00C81A30 /* NSString+Size_yq.m */ = {isa = PBXFileReference; fileEncoding = 4; lastKnownFileType = sourcecode.c.objc; path = "NSString+Size_yq.m"; sourceTree = "<group>"; };
		2DF6E60C1E55ABEF00C81A30 /* NSString+URLEncode_yq.h */ = {isa = PBXFileReference; fileEncoding = 4; lastKnownFileType = sourcecode.c.h; path = "NSString+URLEncode_yq.h"; sourceTree = "<group>"; };
		2DF6E60D1E55ABEF00C81A30 /* NSString+URLEncode_yq.m */ = {isa = PBXFileReference; fileEncoding = 4; lastKnownFileType = sourcecode.c.objc; path = "NSString+URLEncode_yq.m"; sourceTree = "<group>"; };
		2DF6E60E1E55ABEF00C81A30 /* NSString+Util_yq.h */ = {isa = PBXFileReference; fileEncoding = 4; lastKnownFileType = sourcecode.c.h; path = "NSString+Util_yq.h"; sourceTree = "<group>"; };
		2DF6E60F1E55ABEF00C81A30 /* NSString+Util_yq.m */ = {isa = PBXFileReference; fileEncoding = 4; lastKnownFileType = sourcecode.c.objc; path = "NSString+Util_yq.m"; sourceTree = "<group>"; };
		2DF6E6101E55ABEF00C81A30 /* NSTimer+Addition_yq.h */ = {isa = PBXFileReference; fileEncoding = 4; lastKnownFileType = sourcecode.c.h; path = "NSTimer+Addition_yq.h"; sourceTree = "<group>"; };
		2DF6E6111E55ABEF00C81A30 /* NSTimer+Addition_yq.m */ = {isa = PBXFileReference; fileEncoding = 4; lastKnownFileType = sourcecode.c.objc; path = "NSTimer+Addition_yq.m"; sourceTree = "<group>"; };
		2DF6E6121E55ABEF00C81A30 /* NSURL+Param_yq.h */ = {isa = PBXFileReference; fileEncoding = 4; lastKnownFileType = sourcecode.c.h; path = "NSURL+Param_yq.h"; sourceTree = "<group>"; };
		2DF6E6131E55ABEF00C81A30 /* NSURL+Param_yq.m */ = {isa = PBXFileReference; fileEncoding = 4; lastKnownFileType = sourcecode.c.objc; path = "NSURL+Param_yq.m"; sourceTree = "<group>"; };
		2DF6E6141E55ABEF00C81A30 /* NSUserDefaults+iCloudSync_yq.h */ = {isa = PBXFileReference; fileEncoding = 4; lastKnownFileType = sourcecode.c.h; path = "NSUserDefaults+iCloudSync_yq.h"; sourceTree = "<group>"; };
		2DF6E6151E55ABEF00C81A30 /* NSUserDefaults+iCloudSync_yq.m */ = {isa = PBXFileReference; fileEncoding = 4; lastKnownFileType = sourcecode.c.objc; path = "NSUserDefaults+iCloudSync_yq.m"; sourceTree = "<group>"; };
		2DF6E6161E55ABEF00C81A30 /* NSUserDefaults+SafeAccess_yq.h */ = {isa = PBXFileReference; fileEncoding = 4; lastKnownFileType = sourcecode.c.h; path = "NSUserDefaults+SafeAccess_yq.h"; sourceTree = "<group>"; };
		2DF6E6171E55ABEF00C81A30 /* NSUserDefaults+SafeAccess_yq.m */ = {isa = PBXFileReference; fileEncoding = 4; lastKnownFileType = sourcecode.c.objc; path = "NSUserDefaults+SafeAccess_yq.m"; sourceTree = "<group>"; };
/* End PBXFileReference section */

/* Begin PBXFrameworksBuildPhase section */
		2DF6E28D1E5545D200C81A30 /* Frameworks */ = {
			isa = PBXFrameworksBuildPhase;
			buildActionMask = 2147483647;
			files = (
			);
			runOnlyForDeploymentPostprocessing = 0;
		};
		2DF6E2A61E5545D200C81A30 /* Frameworks */ = {
			isa = PBXFrameworksBuildPhase;
			buildActionMask = 2147483647;
			files = (
			);
			runOnlyForDeploymentPostprocessing = 0;
		};
		2DF6E2B11E5545D200C81A30 /* Frameworks */ = {
			isa = PBXFrameworksBuildPhase;
			buildActionMask = 2147483647;
			files = (
			);
			runOnlyForDeploymentPostprocessing = 0;
		};
/* End PBXFrameworksBuildPhase section */

/* Begin PBXGroup section */
		2DC407B71E56F67100210E59 /* Networking */ = {
			isa = PBXGroup;
			children = (
				2DC407B81E56F67100210E59 /* YQNetworking.h */,
				2DC407B91E56F67100210E59 /* YQNetworking.m */,
			);
			path = Networking;
			sourceTree = "<group>";
		};
		2DF6E2871E5545D200C81A30 = {
			isa = PBXGroup;
			children = (
				2DF6E2C61E5545F600C81A30 /* YQTools */,
				2DF6E2921E5545D200C81A30 /* YQToolsDemo */,
				2DF6E2AC1E5545D200C81A30 /* YQToolsDemoTests */,
				2DF6E2B71E5545D200C81A30 /* YQToolsDemoUITests */,
				2DF6E2911E5545D200C81A30 /* Products */,
			);
			sourceTree = "<group>";
		};
		2DF6E2911E5545D200C81A30 /* Products */ = {
			isa = PBXGroup;
			children = (
				2DF6E2901E5545D200C81A30 /* YQToolsDemo.app */,
				2DF6E2A91E5545D200C81A30 /* YQToolsDemoTests.xctest */,
				2DF6E2B41E5545D200C81A30 /* YQToolsDemoUITests.xctest */,
			);
			name = Products;
			sourceTree = "<group>";
		};
		2DF6E2921E5545D200C81A30 /* YQToolsDemo */ = {
			isa = PBXGroup;
			children = (
				2DF6E2961E5545D200C81A30 /* AppDelegate.h */,
				2DF6E2971E5545D200C81A30 /* AppDelegate.m */,
				2DF6E2991E5545D200C81A30 /* ViewController.h */,
				2DF6E29A1E5545D200C81A30 /* ViewController.m */,
				2DF6E29C1E5545D200C81A30 /* Main.storyboard */,
				2DF6E29F1E5545D200C81A30 /* Assets.xcassets */,
				2DF6E2A11E5545D200C81A30 /* LaunchScreen.storyboard */,
				2DF6E2A41E5545D200C81A30 /* Info.plist */,
				2DF6E2931E5545D200C81A30 /* Supporting Files */,
			);
			path = YQToolsDemo;
			sourceTree = "<group>";
		};
		2DF6E2931E5545D200C81A30 /* Supporting Files */ = {
			isa = PBXGroup;
			children = (
				2DF6E2941E5545D200C81A30 /* main.m */,
			);
			name = "Supporting Files";
			sourceTree = "<group>";
		};
		2DF6E2AC1E5545D200C81A30 /* YQToolsDemoTests */ = {
			isa = PBXGroup;
			children = (
				2DF6E2AD1E5545D200C81A30 /* YQToolsDemoTests.m */,
				2DF6E2AF1E5545D200C81A30 /* Info.plist */,
			);
			path = YQToolsDemoTests;
			sourceTree = "<group>";
		};
		2DF6E2B71E5545D200C81A30 /* YQToolsDemoUITests */ = {
			isa = PBXGroup;
			children = (
				2DF6E2B81E5545D200C81A30 /* YQToolsDemoUITests.m */,
				2DF6E2BA1E5545D200C81A30 /* Info.plist */,
			);
			path = YQToolsDemoUITests;
			sourceTree = "<group>";
		};
		2DF6E2C61E5545F600C81A30 /* YQTools */ = {
			isa = PBXGroup;
			children = (
				2DC407B71E56F67100210E59 /* Networking */,
				2DF6E5CE1E55A09A00C81A30 /* YQCategory.h */,
				2DF6E5CD1E55A06C00C81A30 /* YQMacro.h */,
				2DF6E2ED1E5545F600C81A30 /* YQTools.h */,
				2DF6E5BB1E559FE800C81A30 /* Macro */,
				2DF6E3F01E5581B800C81A30 /* Category */,
				2DF6E5CF1E55A17200C81A30 /* Utilities */,
				2DF6E2E11E5545F600C81A30 /* Notification */,
			);
			name = YQTools;
			path = ../YQTools;
			sourceTree = "<group>";
		};
		2DF6E2E11E5545F600C81A30 /* Notification */ = {
			isa = PBXGroup;
			children = (
				2DF6E2E21E5545F600C81A30 /* YQLocalNotification.h */,
				2DF6E2E31E5545F600C81A30 /* YQLocalNotification.m */,
			);
			path = Notification;
			sourceTree = "<group>";
		};
		2DF6E3F01E5581B800C81A30 /* Category */ = {
			isa = PBXGroup;
			children = (
				2DF6E5B71E559D4700C81A30 /* YQFoundation.h */,
				2DF6E5B81E559ECD00C81A30 /* YQUIKit.h */,
				2DF6E5D91E55ABEF00C81A30 /* Foundation */,
				2DF6E51E1E559C2600C81A30 /* UIKit */,
			);
			path = Category;
			sourceTree = "<group>";
		};
		2DF6E51E1E559C2600C81A30 /* UIKit */ = {
			isa = PBXGroup;
			children = (
				2DF6E51F1E559C2600C81A30 /* CALayer+Util_yq.h */,
				2DF6E5201E559C2600C81A30 /* CALayer+Util_yq.m */,
				2DEA69AC1E5A9030005F7259 /* UIApplication+APNs_yq.h */,
				2DEA69AD1E5A9030005F7259 /* UIApplication+APNs_yq.m */,
				2DF6E5211E559C2600C81A30 /* UIBarButtonItem+Badge_yq.h */,
				2DF6E5221E559C2600C81A30 /* UIBarButtonItem+Badge_yq.m */,
				2DF6E5231E559C2600C81A30 /* UIButton+BackgroundColor_yq.h */,
				2DF6E5241E559C2600C81A30 /* UIButton+BackgroundColor_yq.m */,
				2DF6E5251E559C2600C81A30 /* UIButton+Badge_yq.h */,
				2DF6E5261E559C2600C81A30 /* UIButton+Badge_yq.m */,
				2DF6E5271E559C2600C81A30 /* UIButton+Block_yq.h */,
				2DF6E5281E559C2600C81A30 /* UIButton+Block_yq.m */,
				2DF6E5291E559C2600C81A30 /* UIButton+CountDown_yq.h */,
				2DF6E52A1E559C2600C81A30 /* UIButton+CountDown_yq.m */,
				2DF6E52B1E559C2600C81A30 /* UIButton+ImagePosition_yq.h */,
				2DF6E52C1E559C2600C81A30 /* UIButton+ImagePosition_yq.m */,
				2DF6E52D1E559C2600C81A30 /* UIButton+Indicator_yq.h */,
				2DF6E52E1E559C2600C81A30 /* UIButton+Indicator_yq.m */,
				2DF6E52F1E559C2600C81A30 /* UIButton+Submitting_yq.h */,
				2DF6E5301E559C2600C81A30 /* UIButton+Submitting_yq.m */,
				2DF6E5311E559C2600C81A30 /* UIColor+Gradient_yq.h */,
				2DF6E5321E559C2600C81A30 /* UIColor+Gradient_yq.m */,
				2DF6E5331E559C2600C81A30 /* UIColor+Hex_yq.h */,
				2DF6E5341E559C2600C81A30 /* UIColor+Hex_yq.m */,
				2DF6E5351E559C2600C81A30 /* UIColor+Modify_yq.h */,
				2DF6E5361E559C2600C81A30 /* UIColor+Modify_yq.m */,
				2DF6E5371E559C2600C81A30 /* UIColor+Random_yq.h */,
				2DF6E5381E559C2600C81A30 /* UIColor+Random_yq.m */,
				2DF6E5391E559C2600C81A30 /* UIColor+Web_yq.h */,
				2DF6E53A1E559C2600C81A30 /* UIColor+Web_yq.m */,
				2DF6E53B1E559C2600C81A30 /* UIControl+Block_yq.h */,
				2DF6E53C1E559C2600C81A30 /* UIControl+Block_yq.m */,
				2DF6E53D1E559C2600C81A30 /* UIControl+Sound_yq.h */,
				2DF6E53E1E559C2600C81A30 /* UIControl+Sound_yq.m */,
				2DF6E53F1E559C2600C81A30 /* UIDevice+Hardware_yq.h */,
				2DF6E5401E559C2600C81A30 /* UIDevice+Hardware_yq.m */,
				2DF6E5411E559C2600C81A30 /* UIImage+Alpha_yq.h */,
				2DF6E5421E559C2600C81A30 /* UIImage+Alpha_yq.m */,
				2DF6E5431E559C2600C81A30 /* UIImage+Capture_yq.h */,
				2DF6E5441E559C2600C81A30 /* UIImage+Capture_yq.m */,
				2DF6E5451E559C2600C81A30 /* UIImage+Color_yq.h */,
				2DF6E5461E559C2600C81A30 /* UIImage+Color_yq.m */,
				2DF6E5471E559C2600C81A30 /* UIImage+FileName_yq.h */,
				2DF6E5481E559C2600C81A30 /* UIImage+FileName_yq.m */,
				2DF6E5491E559C2600C81A30 /* UIImage+GIF_yq.h */,
				2DF6E54A1E559C2600C81A30 /* UIImage+GIF_yq.m */,
				2DF6E54B1E559C2600C81A30 /* UIImage+Orientation_yq.h */,
				2DF6E54C1E559C2600C81A30 /* UIImage+Orientation_yq.m */,
				2DF6E54D1E559C2600C81A30 /* UIImage+SuperCompress_yq.h */,
				2DF6E54E1E559C2600C81A30 /* UIImage+SuperCompress_yq.m */,
				2DF6E54F1E559C2600C81A30 /* UIImage+Util_yq.h */,
				2DF6E5501E559C2600C81A30 /* UIImage+Util_yq.m */,
				2DF6E5511E559C2600C81A30 /* UIImageView+Addition_yq.h */,
				2DF6E5521E559C2600C81A30 /* UIImageView+Addition_yq.m */,
				2DF6E5531E559C2600C81A30 /* UIImageView+Reflect_yq.h */,
				2DF6E5541E559C2600C81A30 /* UIImageView+Reflect_yq.m */,
				2DF6E5551E559C2600C81A30 /* UILabel+AutoSize_yq.h */,
				2DF6E5561E559C2600C81A30 /* UILabel+AutoSize_yq.m */,
				2DF6E5571E559C2600C81A30 /* UINavigationController+StackManager_yq.h */,
				2DF6E5581E559C2600C81A30 /* UINavigationController+StackManager_yq.m */,
				2DF6E5591E559C2600C81A30 /* UINavigationController+Transitions_yq.h */,
				2DF6E55A1E559C2600C81A30 /* UINavigationController+Transitions_yq.m */,
				2DF6E55B1E559C2600C81A30 /* UIScrollView+Addition_yq.h */,
				2DF6E55C1E559C2600C81A30 /* UIScrollView+Addition_yq.m */,
				2DF6E55D1E559C2600C81A30 /* UIScrollView+Pages_yq.h */,
				2DF6E55E1E559C2600C81A30 /* UIScrollView+Pages_yq.m */,
				2DF6E55F1E559C2600C81A30 /* UITextField+InputLimit_yq.h */,
				2DF6E5601E559C2600C81A30 /* UITextField+InputLimit_yq.m */,
				2DF6E5611E559C2600C81A30 /* UITextField+Select_yq.h */,
				2DF6E5621E559C2600C81A30 /* UITextField+Select_yq.m */,
				2DF6E5631E559C2600C81A30 /* UITextView+InputLimit_yq.h */,
				2DF6E5641E559C2600C81A30 /* UITextView+InputLimit_yq.m */,
				2DF6E5651E559C2600C81A30 /* UITextView+Select_yq.h */,
				2DF6E5661E559C2600C81A30 /* UITextView+Select_yq.m */,
				2DF6E5671E559C2600C81A30 /* UIView+Find_yq.h */,
				2DF6E5681E559C2600C81A30 /* UIView+Find_yq.m */,
				2DF6E5691E559C2600C81A30 /* UIView+Screenshot_yq.h */,
				2DF6E56A1E559C2600C81A30 /* UIView+Screenshot_yq.m */,
				2DF6E56B1E559C2600C81A30 /* UIView+Toast_yq.h */,
				2DF6E56C1E559C2600C81A30 /* UIView+Toast_yq.m */,
				2DF6E56D1E559C2600C81A30 /* UIView+Util_yq.h */,
				2DF6E56E1E559C2600C81A30 /* UIView+Util_yq.m */,
			);
			path = UIKit;
			sourceTree = "<group>";
		};
		2DF6E5BB1E559FE800C81A30 /* Macro */ = {
			isa = PBXGroup;
			children = (
				2DF6E5BC1E559FE800C81A30 /* YQAppMacro.h */,
				2DF6E5BD1E559FE800C81A30 /* YQColorMacro.h */,
				2DF6E5BF1E559FE800C81A30 /* YQNotificationMacro.h */,
				2DF6E5C01E559FE800C81A30 /* YQRequestMacro.h */,
				2DF6E5C11E559FE800C81A30 /* YQSQLMacro.h */,
				2DF6E5C21E559FE800C81A30 /* YQUtilsMacro.h */,
			);
			path = Macro;
			sourceTree = "<group>";
		};
		2DF6E5CF1E55A17200C81A30 /* Utilities */ = {
			isa = PBXGroup;
			children = (
				2DF6E5D01E55A17200C81A30 /* YQConvert.h */,
				2DF6E5D11E55A17200C81A30 /* YQConvert.m */,
				2DF6E5D21E55A17200C81A30 /* YQPublic.h */,
				2DF6E5D31E55A17200C81A30 /* YQPublic.m */,
				2DF6E5D41E55A17200C81A30 /* YQSandbox.h */,
				2DF6E5D51E55A17200C81A30 /* YQSandbox.m */,
			);
			path = Utilities;
			sourceTree = "<group>";
		};
		2DF6E5D91E55ABEF00C81A30 /* Foundation */ = {
			isa = PBXGroup;
			children = (
				2DF6E5DA1E55ABEF00C81A30 /* NSArray+SafeAccess_yq.h */,
				2DF6E5DB1E55ABEF00C81A30 /* NSArray+SafeAccess_yq.m */,
				2DF6E5DC1E55ABEF00C81A30 /* NSBundle+AppIcon_yq.h */,
				2DF6E5DD1E55ABEF00C81A30 /* NSBundle+AppIcon_yq.m */,
				2DF6E5DE1E55ABEF00C81A30 /* NSData+Base64_yq.h */,
				2DF6E5DF1E55ABEF00C81A30 /* NSData+Base64_yq.m */,
				2DF6E5E01E55ABEF00C81A30 /* NSDate+Extension_yq.h */,
				2DF6E5E11E55ABEF00C81A30 /* NSDate+Extension_yq.m */,
				2DF6E5E21E55ABEF00C81A30 /* NSDate+Utilities_yq.h */,
				2DF6E5E31E55ABEF00C81A30 /* NSDate+Utilities_yq.m */,
				2DF6E5E41E55ABEF00C81A30 /* NSDecimalNumber+Extension_yq.h */,
				2DF6E5E51E55ABEF00C81A30 /* NSDecimalNumber+Extension_yq.m */,
				2DF6E5E61E55ABEF00C81A30 /* NSDictionary+JSONString_yq.h */,
				2DF6E5E71E55ABEF00C81A30 /* NSDictionary+JSONString_yq.m */,
				2DF6E5E81E55ABEF00C81A30 /* NSDictionary+Merge_yq.h */,
				2DF6E5E91E55ABEF00C81A30 /* NSDictionary+Merge_yq.m */,
				2DF6E5EA1E55ABEF00C81A30 /* NSDictionary+SafeAccess_yq.h */,
				2DF6E5EB1E55ABEF00C81A30 /* NSDictionary+SafeAccess_yq.m */,
				2DF6E5EC1E55ABEF00C81A30 /* NSDictionary+URL_yq.h */,
				2DF6E5ED1E55ABEF00C81A30 /* NSDictionary+URL_yq.m */,
				2DF6E5EE1E55ABEF00C81A30 /* NSFileManager+Path_yq.h */,
				2DF6E5EF1E55ABEF00C81A30 /* NSFileManager+Path_yq.m */,
				2DF6E5F01E55ABEF00C81A30 /* NSIndexPath+Offset_yq.h */,
				2DF6E5F11E55ABEF00C81A30 /* NSIndexPath+Offset_yq.m */,
				2DF6E5F21E55ABEF00C81A30 /* NSNotificationCenter+MainThread_yq.h */,
				2DF6E5F31E55ABEF00C81A30 /* NSNotificationCenter+MainThread_yq.m */,
				2DF6E5F41E55ABEF00C81A30 /* NSNumber+CGFloat_yq.h */,
				2DF6E5F51E55ABEF00C81A30 /* NSNumber+CGFloat_yq.m */,
				2DF6E5F61E55ABEF00C81A30 /* NSNumber+Round_yq.h */,
				2DF6E5F71E55ABEF00C81A30 /* NSNumber+Round_yq.m */,
				2DF6E5F81E55ABEF00C81A30 /* NSObject+AppInfo_yq.h */,
				2DF6E5F91E55ABEF00C81A30 /* NSObject+AppInfo_yq.m */,
				2DF6E5FA1E55ABEF00C81A30 /* NSObject+Reflection_yq.h */,
				2DF6E5FB1E55ABEF00C81A30 /* NSObject+Reflection_yq.m */,
				2DF6E5FC1E55ABEF00C81A30 /* NSObject+Runtime_yq.h */,
				2DF6E5FD1E55ABEF00C81A30 /* NSObject+Runtime_yq.m */,
				2DF6E5FE1E55ABEF00C81A30 /* NSString+Base64_yq.h */,
				2DF6E5FF1E55ABEF00C81A30 /* NSString+Base64_yq.m */,
				2DF6E6001E55ABEF00C81A30 /* NSString+Contains_yq.h */,
				2DF6E6011E55ABEF00C81A30 /* NSString+Contains_yq.m */,
				2DF6E6021E55ABEF00C81A30 /* NSString+Dictionary_yq.h */,
				2DF6E6031E55ABEF00C81A30 /* NSString+Dictionary_yq.m */,
				2DF6E6041E55ABEF00C81A30 /* NSString+Emoji_yq.h */,
				2DF6E6051E55ABEF00C81A30 /* NSString+Emoji_yq.m */,
				2DF6E6061E55ABEF00C81A30 /* NSString+Encode_yq.h */,
				2DF6E6071E55ABEF00C81A30 /* NSString+Encode_yq.m */,
				2DF6E6081E55ABEF00C81A30 /* NSString+RegEx_yq.h */,
				2DF6E6091E55ABEF00C81A30 /* NSString+RegEx_yq.m */,
				2DF6E60A1E55ABEF00C81A30 /* NSString+Size_yq.h */,
				2DF6E60B1E55ABEF00C81A30 /* NSString+Size_yq.m */,
				2DF6E60C1E55ABEF00C81A30 /* NSString+URLEncode_yq.h */,
				2DF6E60D1E55ABEF00C81A30 /* NSString+URLEncode_yq.m */,
				2DF6E60E1E55ABEF00C81A30 /* NSString+Util_yq.h */,
				2DF6E60F1E55ABEF00C81A30 /* NSString+Util_yq.m */,
				2DF6E6101E55ABEF00C81A30 /* NSTimer+Addition_yq.h */,
				2DF6E6111E55ABEF00C81A30 /* NSTimer+Addition_yq.m */,
				2DF6E6121E55ABEF00C81A30 /* NSURL+Param_yq.h */,
				2DF6E6131E55ABEF00C81A30 /* NSURL+Param_yq.m */,
				2DF6E6141E55ABEF00C81A30 /* NSUserDefaults+iCloudSync_yq.h */,
				2DF6E6151E55ABEF00C81A30 /* NSUserDefaults+iCloudSync_yq.m */,
				2DF6E6161E55ABEF00C81A30 /* NSUserDefaults+SafeAccess_yq.h */,
				2DF6E6171E55ABEF00C81A30 /* NSUserDefaults+SafeAccess_yq.m */,
			);
			path = Foundation;
			sourceTree = "<group>";
		};
/* End PBXGroup section */

/* Begin PBXNativeTarget section */
		2DF6E28F1E5545D200C81A30 /* YQToolsDemo */ = {
			isa = PBXNativeTarget;
			buildConfigurationList = 2DF6E2BD1E5545D200C81A30 /* Build configuration list for PBXNativeTarget "YQToolsDemo" */;
			buildPhases = (
				2DF6E28C1E5545D200C81A30 /* Sources */,
				2DF6E28D1E5545D200C81A30 /* Frameworks */,
				2DF6E28E1E5545D200C81A30 /* Resources */,
			);
			buildRules = (
			);
			dependencies = (
			);
			name = YQToolsDemo;
			productName = YQToolsDemo;
			productReference = 2DF6E2901E5545D200C81A30 /* YQToolsDemo.app */;
			productType = "com.apple.product-type.application";
		};
		2DF6E2A81E5545D200C81A30 /* YQToolsDemoTests */ = {
			isa = PBXNativeTarget;
			buildConfigurationList = 2DF6E2C01E5545D200C81A30 /* Build configuration list for PBXNativeTarget "YQToolsDemoTests" */;
			buildPhases = (
				2DF6E2A51E5545D200C81A30 /* Sources */,
				2DF6E2A61E5545D200C81A30 /* Frameworks */,
				2DF6E2A71E5545D200C81A30 /* Resources */,
			);
			buildRules = (
			);
			dependencies = (
				2DF6E2AB1E5545D200C81A30 /* PBXTargetDependency */,
			);
			name = YQToolsDemoTests;
			productName = YQToolsDemoTests;
			productReference = 2DF6E2A91E5545D200C81A30 /* YQToolsDemoTests.xctest */;
			productType = "com.apple.product-type.bundle.unit-test";
		};
		2DF6E2B31E5545D200C81A30 /* YQToolsDemoUITests */ = {
			isa = PBXNativeTarget;
			buildConfigurationList = 2DF6E2C31E5545D200C81A30 /* Build configuration list for PBXNativeTarget "YQToolsDemoUITests" */;
			buildPhases = (
				2DF6E2B01E5545D200C81A30 /* Sources */,
				2DF6E2B11E5545D200C81A30 /* Frameworks */,
				2DF6E2B21E5545D200C81A30 /* Resources */,
			);
			buildRules = (
			);
			dependencies = (
				2DF6E2B61E5545D200C81A30 /* PBXTargetDependency */,
			);
			name = YQToolsDemoUITests;
			productName = YQToolsDemoUITests;
			productReference = 2DF6E2B41E5545D200C81A30 /* YQToolsDemoUITests.xctest */;
			productType = "com.apple.product-type.bundle.ui-testing";
		};
/* End PBXNativeTarget section */

/* Begin PBXProject section */
		2DF6E2881E5545D200C81A30 /* Project object */ = {
			isa = PBXProject;
			attributes = {
				LastUpgradeCheck = 0820;
				ORGANIZATIONNAME = weixb;
				TargetAttributes = {
					2DF6E28F1E5545D200C81A30 = {
						CreatedOnToolsVersion = 8.2.1;
						DevelopmentTeam = 77393G83KM;
						ProvisioningStyle = Automatic;
					};
					2DF6E2A81E5545D200C81A30 = {
						CreatedOnToolsVersion = 8.2.1;
						DevelopmentTeam = 77393G83KM;
						ProvisioningStyle = Automatic;
						TestTargetID = 2DF6E28F1E5545D200C81A30;
					};
					2DF6E2B31E5545D200C81A30 = {
						CreatedOnToolsVersion = 8.2.1;
						DevelopmentTeam = 77393G83KM;
						ProvisioningStyle = Automatic;
						TestTargetID = 2DF6E28F1E5545D200C81A30;
					};
				};
			};
			buildConfigurationList = 2DF6E28B1E5545D200C81A30 /* Build configuration list for PBXProject "YQToolsDemo" */;
			compatibilityVersion = "Xcode 3.2";
			developmentRegion = English;
			hasScannedForEncodings = 0;
			knownRegions = (
				en,
				Base,
			);
			mainGroup = 2DF6E2871E5545D200C81A30;
			productRefGroup = 2DF6E2911E5545D200C81A30 /* Products */;
			projectDirPath = "";
			projectRoot = "";
			targets = (
				2DF6E28F1E5545D200C81A30 /* YQToolsDemo */,
				2DF6E2A81E5545D200C81A30 /* YQToolsDemoTests */,
				2DF6E2B31E5545D200C81A30 /* YQToolsDemoUITests */,
			);
		};
/* End PBXProject section */

/* Begin PBXResourcesBuildPhase section */
		2DF6E28E1E5545D200C81A30 /* Resources */ = {
			isa = PBXResourcesBuildPhase;
			buildActionMask = 2147483647;
			files = (
				2DF6E2A31E5545D200C81A30 /* LaunchScreen.storyboard in Resources */,
				2DF6E2A01E5545D200C81A30 /* Assets.xcassets in Resources */,
				2DF6E29E1E5545D200C81A30 /* Main.storyboard in Resources */,
			);
			runOnlyForDeploymentPostprocessing = 0;
		};
		2DF6E2A71E5545D200C81A30 /* Resources */ = {
			isa = PBXResourcesBuildPhase;
			buildActionMask = 2147483647;
			files = (
			);
			runOnlyForDeploymentPostprocessing = 0;
		};
		2DF6E2B21E5545D200C81A30 /* Resources */ = {
			isa = PBXResourcesBuildPhase;
			buildActionMask = 2147483647;
			files = (
			);
			runOnlyForDeploymentPostprocessing = 0;
		};
/* End PBXResourcesBuildPhase section */

/* Begin PBXSourcesBuildPhase section */
		2DF6E28C1E5545D200C81A30 /* Sources */ = {
			isa = PBXSourcesBuildPhase;
			buildActionMask = 2147483647;
			files = (
				2DF6E29B1E5545D200C81A30 /* ViewController.m in Sources */,
				2DF6E5A61E559C2600C81A30 /* UIImage+SuperCompress_yq.m in Sources */,
				2DF6E5AE1E559C2600C81A30 /* UIScrollView+Pages_yq.m in Sources */,
				2DF6E61D1E55ABEF00C81A30 /* NSDecimalNumber+Extension_yq.m in Sources */,
				2DF6E62F1E55ABEF00C81A30 /* NSString+RegEx_yq.m in Sources */,
				2DF6E6231E55ABEF00C81A30 /* NSIndexPath+Offset_yq.m in Sources */,
				2DF6E5A71E559C2600C81A30 /* UIImage+Util_yq.m in Sources */,
				2DF6E62A1E55ABEF00C81A30 /* NSString+Base64_yq.m in Sources */,
				2DF6E6261E55ABEF00C81A30 /* NSNumber+Round_yq.m in Sources */,
				2DF6E5941E559C2600C81A30 /* UIButton+CountDown_yq.m in Sources */,
				2DF6E6361E55ABEF00C81A30 /* NSUserDefaults+SafeAccess_yq.m in Sources */,
				2DF6E5AB1E559C2600C81A30 /* UINavigationController+StackManager_yq.m in Sources */,
				2DF6E59A1E559C2600C81A30 /* UIColor+Modify_yq.m in Sources */,
				2DF6E6211E55ABEF00C81A30 /* NSDictionary+URL_yq.m in Sources */,
				2DF6E6351E55ABEF00C81A30 /* NSUserDefaults+iCloudSync_yq.m in Sources */,
				2DF6E5951E559C2600C81A30 /* UIButton+ImagePosition_yq.m in Sources */,
				2DF6E62C1E55ABEF00C81A30 /* NSString+Dictionary_yq.m in Sources */,
				2DF6E61F1E55ABEF00C81A30 /* NSDictionary+Merge_yq.m in Sources */,
				2DF6E5B01E559C2600C81A30 /* UITextField+Select_yq.m in Sources */,
				2DF6E5A81E559C2600C81A30 /* UIImageView+Addition_yq.m in Sources */,
				2DF6E5A31E559C2600C81A30 /* UIImage+FileName_yq.m in Sources */,
				2DF6E61A1E55ABEF00C81A30 /* NSData+Base64_yq.m in Sources */,
				2DF6E6301E55ABEF00C81A30 /* NSString+Size_yq.m in Sources */,
				2DF6E5AC1E559C2600C81A30 /* UINavigationController+Transitions_yq.m in Sources */,
				2DF6E61B1E55ABEF00C81A30 /* NSDate+Extension_yq.m in Sources */,
				2DF6E5AA1E559C2600C81A30 /* UILabel+AutoSize_yq.m in Sources */,
				2DEA69AE1E5A9030005F7259 /* UIApplication+APNs_yq.m in Sources */,
				2DF6E5A41E559C2600C81A30 /* UIImage+GIF_yq.m in Sources */,
				2DF6E2981E5545D200C81A30 /* AppDelegate.m in Sources */,
				2DF6E5B21E559C2600C81A30 /* UITextView+Select_yq.m in Sources */,
				2DF6E5971E559C2600C81A30 /* UIButton+Submitting_yq.m in Sources */,
				2DF6E59E1E559C2600C81A30 /* UIControl+Sound_yq.m in Sources */,
				2DF6E61E1E55ABEF00C81A30 /* NSDictionary+JSONString_yq.m in Sources */,
				2DF6E5B51E559C2600C81A30 /* UIView+Toast_yq.m in Sources */,
				2DF6E5921E559C2600C81A30 /* UIButton+Badge_yq.m in Sources */,
				2DF6E6341E55ABEF00C81A30 /* NSURL+Param_yq.m in Sources */,
				2DF6E5AF1E559C2600C81A30 /* UITextField+InputLimit_yq.m in Sources */,
				2DF6E5A01E559C2600C81A30 /* UIImage+Alpha_yq.m in Sources */,
				2DF6E5961E559C2600C81A30 /* UIButton+Indicator_yq.m in Sources */,
				2DF6E6181E55ABEF00C81A30 /* NSArray+SafeAccess_yq.m in Sources */,
				2DF6E2951E5545D200C81A30 /* main.m in Sources */,
				2DF6E5A11E559C2600C81A30 /* UIImage+Capture_yq.m in Sources */,
				2DF6E5991E559C2600C81A30 /* UIColor+Hex_yq.m in Sources */,
				2DF6E5D71E55A17200C81A30 /* YQPublic.m in Sources */,
				2DF6E6271E55ABEF00C81A30 /* NSObject+AppInfo_yq.m in Sources */,
				2DF6E5911E559C2600C81A30 /* UIButton+BackgroundColor_yq.m in Sources */,
				2DF6E62D1E55ABEF00C81A30 /* NSString+Emoji_yq.m in Sources */,
				2DF6E59B1E559C2600C81A30 /* UIColor+Random_yq.m in Sources */,
				2DC407BA1E56F67100210E59 /* YQNetworking.m in Sources */,
				2DF6E6241E55ABEF00C81A30 /* NSNotificationCenter+MainThread_yq.m in Sources */,
				2DF6E6311E55ABEF00C81A30 /* NSString+URLEncode_yq.m in Sources */,
				2DF6E6201E55ABEF00C81A30 /* NSDictionary+SafeAccess_yq.m in Sources */,
				2DF6E5981E559C2600C81A30 /* UIColor+Gradient_yq.m in Sources */,
				2DF6E6281E55ABEF00C81A30 /* NSObject+Reflection_yq.m in Sources */,
				2DF6E6321E55ABEF00C81A30 /* NSString+Util_yq.m in Sources */,
				2DF6E2F71E5545F600C81A30 /* YQLocalNotification.m in Sources */,
				2DF6E62E1E55ABEF00C81A30 /* NSString+Encode_yq.m in Sources */,
				2DF6E6291E55ABEF00C81A30 /* NSObject+Runtime_yq.m in Sources */,
				2DF6E5D81E55A17200C81A30 /* YQSandbox.m in Sources */,
				2DF6E61C1E55ABEF00C81A30 /* NSDate+Utilities_yq.m in Sources */,
				2DF6E5B31E559C2600C81A30 /* UIView+Find_yq.m in Sources */,
				2DF6E5B11E559C2600C81A30 /* UITextView+InputLimit_yq.m in Sources */,
				2DF6E5A91E559C2600C81A30 /* UIImageView+Reflect_yq.m in Sources */,
				2DF6E5D61E55A17200C81A30 /* YQConvert.m in Sources */,
				2DF6E58F1E559C2600C81A30 /* CALayer+Util_yq.m in Sources */,
				2DF6E5B41E559C2600C81A30 /* UIView+Screenshot_yq.m in Sources */,
				2DF6E59C1E559C2600C81A30 /* UIColor+Web_yq.m in Sources */,
				2DF6E5931E559C2600C81A30 /* UIButton+Block_yq.m in Sources */,
				2DF6E5B61E559C2600C81A30 /* UIView+Util_yq.m in Sources */,
				2DF6E62B1E55ABEF00C81A30 /* NSString+Contains_yq.m in Sources */,
				2DF6E6331E55ABEF00C81A30 /* NSTimer+Addition_yq.m in Sources */,
				2DF6E59D1E559C2600C81A30 /* UIControl+Block_yq.m in Sources */,
				2DF6E59F1E559C2600C81A30 /* UIDevice+Hardware_yq.m in Sources */,
				2DF6E6191E55ABEF00C81A30 /* NSBundle+AppIcon_yq.m in Sources */,
				2DF6E6221E55ABEF00C81A30 /* NSFileManager+Path_yq.m in Sources */,
				2DF6E5A51E559C2600C81A30 /* UIImage+Orientation_yq.m in Sources */,
				2DF6E5AD1E559C2600C81A30 /* UIScrollView+Addition_yq.m in Sources */,
				2DF6E5A21E559C2600C81A30 /* UIImage+Color_yq.m in Sources */,
				2DF6E5901E559C2600C81A30 /* UIBarButtonItem+Badge_yq.m in Sources */,
				2DF6E6251E55ABEF00C81A30 /* NSNumber+CGFloat_yq.m in Sources */,
			);
			runOnlyForDeploymentPostprocessing = 0;
		};
		2DF6E2A51E5545D200C81A30 /* Sources */ = {
			isa = PBXSourcesBuildPhase;
			buildActionMask = 2147483647;
			files = (
				2DF6E2AE1E5545D200C81A30 /* YQToolsDemoTests.m in Sources */,
			);
			runOnlyForDeploymentPostprocessing = 0;
		};
		2DF6E2B01E5545D200C81A30 /* Sources */ = {
			isa = PBXSourcesBuildPhase;
			buildActionMask = 2147483647;
			files = (
				2DF6E2B91E5545D200C81A30 /* YQToolsDemoUITests.m in Sources */,
			);
			runOnlyForDeploymentPostprocessing = 0;
		};
/* End PBXSourcesBuildPhase section */

/* Begin PBXTargetDependency section */
		2DF6E2AB1E5545D200C81A30 /* PBXTargetDependency */ = {
			isa = PBXTargetDependency;
			target = 2DF6E28F1E5545D200C81A30 /* YQToolsDemo */;
			targetProxy = 2DF6E2AA1E5545D200C81A30 /* PBXContainerItemProxy */;
		};
		2DF6E2B61E5545D200C81A30 /* PBXTargetDependency */ = {
			isa = PBXTargetDependency;
			target = 2DF6E28F1E5545D200C81A30 /* YQToolsDemo */;
			targetProxy = 2DF6E2B51E5545D200C81A30 /* PBXContainerItemProxy */;
		};
/* End PBXTargetDependency section */

/* Begin PBXVariantGroup section */
		2DF6E29C1E5545D200C81A30 /* Main.storyboard */ = {
			isa = PBXVariantGroup;
			children = (
				2DF6E29D1E5545D200C81A30 /* Base */,
			);
			name = Main.storyboard;
			sourceTree = "<group>";
		};
		2DF6E2A11E5545D200C81A30 /* LaunchScreen.storyboard */ = {
			isa = PBXVariantGroup;
			children = (
				2DF6E2A21E5545D200C81A30 /* Base */,
			);
			name = LaunchScreen.storyboard;
			sourceTree = "<group>";
		};
/* End PBXVariantGroup section */

/* Begin XCBuildConfiguration section */
		2DF6E2BB1E5545D200C81A30 /* Debug */ = {
			isa = XCBuildConfiguration;
			buildSettings = {
				ALWAYS_SEARCH_USER_PATHS = NO;
				CLANG_ANALYZER_NONNULL = YES;
				CLANG_CXX_LANGUAGE_STANDARD = "gnu++0x";
				CLANG_CXX_LIBRARY = "libc++";
				CLANG_ENABLE_MODULES = YES;
				CLANG_ENABLE_OBJC_ARC = YES;
				CLANG_WARN_BOOL_CONVERSION = YES;
				CLANG_WARN_CONSTANT_CONVERSION = YES;
				CLANG_WARN_DIRECT_OBJC_ISA_USAGE = YES_ERROR;
				CLANG_WARN_DOCUMENTATION_COMMENTS = YES;
				CLANG_WARN_EMPTY_BODY = YES;
				CLANG_WARN_ENUM_CONVERSION = YES;
				CLANG_WARN_INFINITE_RECURSION = YES;
				CLANG_WARN_INT_CONVERSION = YES;
				CLANG_WARN_OBJC_ROOT_CLASS = YES_ERROR;
				CLANG_WARN_SUSPICIOUS_MOVE = YES;
				CLANG_WARN_UNREACHABLE_CODE = YES;
				CLANG_WARN__DUPLICATE_METHOD_MATCH = YES;
				"CODE_SIGN_IDENTITY[sdk=iphoneos*]" = "iPhone Developer";
				COPY_PHASE_STRIP = NO;
				DEBUG_INFORMATION_FORMAT = dwarf;
				ENABLE_STRICT_OBJC_MSGSEND = YES;
				ENABLE_TESTABILITY = YES;
				GCC_C_LANGUAGE_STANDARD = gnu99;
				GCC_DYNAMIC_NO_PIC = NO;
				GCC_NO_COMMON_BLOCKS = YES;
				GCC_OPTIMIZATION_LEVEL = 0;
				GCC_PREPROCESSOR_DEFINITIONS = (
					"DEBUG=1",
					"$(inherited)",
				);
				GCC_WARN_64_TO_32_BIT_CONVERSION = YES;
				GCC_WARN_ABOUT_RETURN_TYPE = YES_ERROR;
				GCC_WARN_UNDECLARED_SELECTOR = YES;
				GCC_WARN_UNINITIALIZED_AUTOS = YES_AGGRESSIVE;
				GCC_WARN_UNUSED_FUNCTION = YES;
				GCC_WARN_UNUSED_VARIABLE = YES;
				IPHONEOS_DEPLOYMENT_TARGET = 8.0;
				MTL_ENABLE_DEBUG_INFO = YES;
				ONLY_ACTIVE_ARCH = YES;
				SDKROOT = iphoneos;
				TARGETED_DEVICE_FAMILY = "1,2";
			};
			name = Debug;
		};
		2DF6E2BC1E5545D200C81A30 /* Release */ = {
			isa = XCBuildConfiguration;
			buildSettings = {
				ALWAYS_SEARCH_USER_PATHS = NO;
				CLANG_ANALYZER_NONNULL = YES;
				CLANG_CXX_LANGUAGE_STANDARD = "gnu++0x";
				CLANG_CXX_LIBRARY = "libc++";
				CLANG_ENABLE_MODULES = YES;
				CLANG_ENABLE_OBJC_ARC = YES;
				CLANG_WARN_BOOL_CONVERSION = YES;
				CLANG_WARN_CONSTANT_CONVERSION = YES;
				CLANG_WARN_DIRECT_OBJC_ISA_USAGE = YES_ERROR;
				CLANG_WARN_DOCUMENTATION_COMMENTS = YES;
				CLANG_WARN_EMPTY_BODY = YES;
				CLANG_WARN_ENUM_CONVERSION = YES;
				CLANG_WARN_INFINITE_RECURSION = YES;
				CLANG_WARN_INT_CONVERSION = YES;
				CLANG_WARN_OBJC_ROOT_CLASS = YES_ERROR;
				CLANG_WARN_SUSPICIOUS_MOVE = YES;
				CLANG_WARN_UNREACHABLE_CODE = YES;
				CLANG_WARN__DUPLICATE_METHOD_MATCH = YES;
				"CODE_SIGN_IDENTITY[sdk=iphoneos*]" = "iPhone Developer";
				COPY_PHASE_STRIP = NO;
				DEBUG_INFORMATION_FORMAT = "dwarf-with-dsym";
				ENABLE_NS_ASSERTIONS = NO;
				ENABLE_STRICT_OBJC_MSGSEND = YES;
				GCC_C_LANGUAGE_STANDARD = gnu99;
				GCC_NO_COMMON_BLOCKS = YES;
				GCC_WARN_64_TO_32_BIT_CONVERSION = YES;
				GCC_WARN_ABOUT_RETURN_TYPE = YES_ERROR;
				GCC_WARN_UNDECLARED_SELECTOR = YES;
				GCC_WARN_UNINITIALIZED_AUTOS = YES_AGGRESSIVE;
				GCC_WARN_UNUSED_FUNCTION = YES;
				GCC_WARN_UNUSED_VARIABLE = YES;
				IPHONEOS_DEPLOYMENT_TARGET = 8.0;
				MTL_ENABLE_DEBUG_INFO = NO;
				SDKROOT = iphoneos;
				TARGETED_DEVICE_FAMILY = "1,2";
				VALIDATE_PRODUCT = YES;
			};
			name = Release;
		};
		2DF6E2BE1E5545D200C81A30 /* Debug */ = {
			isa = XCBuildConfiguration;
			buildSettings = {
				ASSETCATALOG_COMPILER_APPICON_NAME = AppIcon;
				DEVELOPMENT_TEAM = 77393G83KM;
				INFOPLIST_FILE = YQToolsDemo/Info.plist;
				IPHONEOS_DEPLOYMENT_TARGET = 8.0;
				LD_RUNPATH_SEARCH_PATHS = "$(inherited) @executable_path/Frameworks";
				PRODUCT_BUNDLE_IDENTIFIER = com.yiqi.YQToolsDemo;
				PRODUCT_NAME = "$(TARGET_NAME)";
			};
			name = Debug;
		};
		2DF6E2BF1E5545D200C81A30 /* Release */ = {
			isa = XCBuildConfiguration;
			buildSettings = {
				ASSETCATALOG_COMPILER_APPICON_NAME = AppIcon;
				DEVELOPMENT_TEAM = 77393G83KM;
				INFOPLIST_FILE = YQToolsDemo/Info.plist;
				IPHONEOS_DEPLOYMENT_TARGET = 8.0;
				LD_RUNPATH_SEARCH_PATHS = "$(inherited) @executable_path/Frameworks";
				PRODUCT_BUNDLE_IDENTIFIER = com.yiqi.YQToolsDemo;
				PRODUCT_NAME = "$(TARGET_NAME)";
			};
			name = Release;
		};
		2DF6E2C11E5545D200C81A30 /* Debug */ = {
			isa = XCBuildConfiguration;
			buildSettings = {
				BUNDLE_LOADER = "$(TEST_HOST)";
				DEVELOPMENT_TEAM = 77393G83KM;
				INFOPLIST_FILE = YQToolsDemoTests/Info.plist;
				LD_RUNPATH_SEARCH_PATHS = "$(inherited) @executable_path/Frameworks @loader_path/Frameworks";
				PRODUCT_BUNDLE_IDENTIFIER = com.yiqi.YQToolsDemoTests;
				PRODUCT_NAME = "$(TARGET_NAME)";
				TEST_HOST = "$(BUILT_PRODUCTS_DIR)/YQToolsDemo.app/YQToolsDemo";
			};
			name = Debug;
		};
		2DF6E2C21E5545D200C81A30 /* Release */ = {
			isa = XCBuildConfiguration;
			buildSettings = {
				BUNDLE_LOADER = "$(TEST_HOST)";
				DEVELOPMENT_TEAM = 77393G83KM;
				INFOPLIST_FILE = YQToolsDemoTests/Info.plist;
				LD_RUNPATH_SEARCH_PATHS = "$(inherited) @executable_path/Frameworks @loader_path/Frameworks";
				PRODUCT_BUNDLE_IDENTIFIER = com.yiqi.YQToolsDemoTests;
				PRODUCT_NAME = "$(TARGET_NAME)";
				TEST_HOST = "$(BUILT_PRODUCTS_DIR)/YQToolsDemo.app/YQToolsDemo";
			};
			name = Release;
		};
		2DF6E2C41E5545D200C81A30 /* Debug */ = {
			isa = XCBuildConfiguration;
			buildSettings = {
				DEVELOPMENT_TEAM = 77393G83KM;
				INFOPLIST_FILE = YQToolsDemoUITests/Info.plist;
				LD_RUNPATH_SEARCH_PATHS = "$(inherited) @executable_path/Frameworks @loader_path/Frameworks";
				PRODUCT_BUNDLE_IDENTIFIER = com.yiqi.YQToolsDemoUITests;
				PRODUCT_NAME = "$(TARGET_NAME)";
				TEST_TARGET_NAME = YQToolsDemo;
			};
			name = Debug;
		};
		2DF6E2C51E5545D200C81A30 /* Release */ = {
			isa = XCBuildConfiguration;
			buildSettings = {
				DEVELOPMENT_TEAM = 77393G83KM;
				INFOPLIST_FILE = YQToolsDemoUITests/Info.plist;
				LD_RUNPATH_SEARCH_PATHS = "$(inherited) @executable_path/Frameworks @loader_path/Frameworks";
				PRODUCT_BUNDLE_IDENTIFIER = com.yiqi.YQToolsDemoUITests;
				PRODUCT_NAME = "$(TARGET_NAME)";
				TEST_TARGET_NAME = YQToolsDemo;
			};
			name = Release;
		};
/* End XCBuildConfiguration section */

/* Begin XCConfigurationList section */
		2DF6E28B1E5545D200C81A30 /* Build configuration list for PBXProject "YQToolsDemo" */ = {
			isa = XCConfigurationList;
			buildConfigurations = (
				2DF6E2BB1E5545D200C81A30 /* Debug */,
				2DF6E2BC1E5545D200C81A30 /* Release */,
			);
			defaultConfigurationIsVisible = 0;
			defaultConfigurationName = Release;
		};
		2DF6E2BD1E5545D200C81A30 /* Build configuration list for PBXNativeTarget "YQToolsDemo" */ = {
			isa = XCConfigurationList;
			buildConfigurations = (
				2DF6E2BE1E5545D200C81A30 /* Debug */,
				2DF6E2BF1E5545D200C81A30 /* Release */,
			);
			defaultConfigurationIsVisible = 0;
			defaultConfigurationName = Release;
		};
		2DF6E2C01E5545D200C81A30 /* Build configuration list for PBXNativeTarget "YQToolsDemoTests" */ = {
			isa = XCConfigurationList;
			buildConfigurations = (
				2DF6E2C11E5545D200C81A30 /* Debug */,
				2DF6E2C21E5545D200C81A30 /* Release */,
			);
			defaultConfigurationIsVisible = 0;
			defaultConfigurationName = Release;
		};
		2DF6E2C31E5545D200C81A30 /* Build configuration list for PBXNativeTarget "YQToolsDemoUITests" */ = {
			isa = XCConfigurationList;
			buildConfigurations = (
				2DF6E2C41E5545D200C81A30 /* Debug */,
				2DF6E2C51E5545D200C81A30 /* Release */,
			);
			defaultConfigurationIsVisible = 0;
			defaultConfigurationName = Release;
		};
/* End XCConfigurationList section */
	};
	rootObject = 2DF6E2881E5545D200C81A30 /* Project object */;
}
